<?xml version="1.0" encoding="utf-8"?>
<Project ToolsVersion="16.0" xmlns="http://schemas.microsoft.com/developer/msbuild/2003">
  <ItemGroup>
    <ClCompile Include="D:\Workspace\M2\Diamas\source\utilities\NetEngine\src\NetClient.cpp">
      <Filter>Source Files</Filter>
    </ClCompile>
    <ClCompile Include="D:\Workspace\M2\Diamas\source\utilities\NetEngine\src\NetCryptDH.cpp">
      <Filter>Source Files</Filter>
    </ClCompile>
    <ClCompile Include="D:\Workspace\M2\Diamas\source\utilities\NetEngine\src\NetCryptXtea.cpp">
      <Filter>Source Files</Filter>
    </ClCompile>
    <ClCompile Include="D:\Workspace\M2\Diamas\source\utilities\NetEngine\src\NetLogHelper.cpp">
      <Filter>Source Files</Filter>
    </ClCompile>
    <ClCompile Include="D:\Workspace\M2\Diamas\source\utilities\NetEngine\src\NetPacket.cpp">
      <Filter>Source Files</Filter>
    </ClCompile>
    <ClCompile Include="D:\Workspace\M2\Diamas\source\utilities\NetEngine\src\NetPacketDefinition.cpp">
      <Filter>Source Files</Filter>
    </ClCompile>
    <ClCompile Include="D:\Workspace\M2\Diamas\source\utilities\NetEngine\src\NetPacketDispatcher.cpp">
      <Filter>Source Files</Filter>
    </ClCompile>
    <ClCompile Include="D:\Workspace\M2\Diamas\source\utilities\NetEngine\src\NetPeer.cpp">
      <Filter>Source Files</Filter>
    </ClCompile>
    <ClCompile Include="D:\Workspace\M2\Diamas\source\utilities\NetEngine\src\NetServer.cpp">
      <Filter>Source Files</Filter>
    </ClCompile>
    <ClCompile Include="D:\Workspace\M2\Diamas\source\utilities\NetEngine\src\NetService.cpp">
      <Filter>Source Files</Filter>
    </ClCompile>
    <ClCompile Include="D:\Workspace\M2\Diamas\source\utilities\NetEngine\src\Xtea.cpp">
      <Filter>Source Files</Filter>
    </ClCompile>
  </ItemGroup>
  <ItemGroup>
    <ClInclude Include="D:\Workspace\M2\Diamas\source\utilities\NetEngine\include\NetBasicLog.hpp">
      <Filter>Header Files</Filter>
    </ClInclude>
    <ClInclude Include="D:\Workspace\M2\Diamas\source\utilities\NetEngine\include\NetClient.hpp">
      <Filter>Header Files</Filter>
    </ClInclude>
    <ClInclude Include="D:\Workspace\M2\Diamas\source\utilities\NetEngine\include\NetConstants.hpp">
      <Filter>Header Files</Filter>
    </ClInclude>
    <ClInclude Include="D:\Workspace\M2\Diamas\source\utilities\NetEngine\include\NetCrypt.hpp">
      <Filter>Header Files</Filter>
    </ClInclude>
    <ClInclude Include="D:\Workspace\M2\Diamas\source\utilities\NetEngine\include\NetEngine.hpp">
      <Filter>Header Files</Filter>
    </ClInclude>
    <ClInclude Include="D:\Workspace\M2\Diamas\source\utilities\NetEngine\include\NetLogHelper.hpp">
      <Filter>Header Files</Filter>
    </ClInclude>
    <ClInclude Include="D:\Workspace\M2\Diamas\source\utilities\NetEngine\include\NetPacket.hpp">
      <Filter>Header Files</Filter>
    </ClInclude>
    <ClInclude Include="D:\Workspace\M2\Diamas\source\utilities\NetEngine\include\NetPacketDefinition.hpp">
      <Filter>Header Files</Filter>
    </ClInclude>
    <ClInclude Include="D:\Workspace\M2\Diamas\source\utilities\NetEngine\include\NetPacketDispatcher.hpp">
      <Filter>Header Files</Filter>
    </ClInclude>
    <ClInclude Include="D:\Workspace\M2\Diamas\source\utilities\NetEngine\include\NetPeer.hpp">
      <Filter>Header Files</Filter>
    </ClInclude>
    <ClInclude Include="D:\Workspace\M2\Diamas\source\utilities\NetEngine\include\NetPeerIdManager.hpp">
      <Filter>Header Files</Filter>
    </ClInclude>
    <ClInclude Include="D:\Workspace\M2\Diamas\source\utilities\NetEngine\include\NetServer.hpp">
      <Filter>Header Files</Filter>
    </ClInclude>
    <ClInclude Include="D:\Workspace\M2\Diamas\source\utilities\NetEngine\include\NetService.hpp">
      <Filter>Header Files</Filter>
    </ClInclude>
    <ClInclude Include="D:\Workspace\M2\Diamas\source\utilities\NetEngine\include\NetUtils.hpp">
      <Filter>Header Files</Filter>
    </ClInclude>
    <ClInclude Include="D:\Workspace\M2\Diamas\source\utilities\NetEngine\include\Xtea.hpp">
      <Filter>Header Files</Filter>
    </ClInclude>
  </ItemGroup>
  <ItemGroup>
    <CustomBuild Include="D:\Workspace\M2\Diamas\source\utilities\NetEngine\CMakeLists.txt" />
  </ItemGroup>
  <ItemGroup>
    <Filter Include="Header Files">
      <UniqueIdentifier>{C19892C1-3EB1-3EC6-939F-37BD55D5B0F3}</UniqueIdentifier>
    </Filter>
    <Filter Include="Source Files">
      <UniqueIdentifier>{0ECC5A90-9B54-38DD-BFC2-A9DC1EB33361}</UniqueIdentifier>
    </Filter>
  </ItemGroup>
</Project>
