Microsoft Visual Studio Solution File, Format Version 12.00
# Visual Studio 16
Project("{8BC9CEB8-8B4A-11D0-8D11-00A0C91BC942}") = "ALL_BUILD", "ALL_BUILD.vcxproj", "{62528591-78DD-3F13-9CDF-A8D311FC2EBA}"
	ProjectSection(ProjectDependencies) = postProject
		{9A4FB52A-812D-3A64-B540-CC17B90B74C0} = {9A4FB52A-812D-3A64-B540-CC17B90B74C0}
		{1CA16695-50EC-3793-BF0C-C42FA29D0448} = {1CA16695-50EC-3793-BF0C-C42FA29D0448}
		{D6A69F4A-52DE-331B-8476-7D51FFE94FA8} = {D6A69F4A-52DE-331B-8476-7D51FFE94FA8}
		{0B3D4DB7-746B-3322-90D9-29845EC8A180} = {0B3D4DB7-746B-3322-90D9-29845EC8A180}
		{AE3ED3E6-2E12-3775-9F0D-AACCAE1C7F75} = {AE3ED3E6-2E12-3775-9F0D-AACCAE1C7F75}
		{F6F94A89-D202-315F-B8C3-64BFCA51172E} = {F6F94A89-D202-315F-B8C3-64BFCA51172E}
		{E78B70AC-0502-34DC-B613-BDE49EA8919F} = {E78B70AC-0502-34DC-B613-BDE49EA8919F}
		{9B8AC507-754E-3AFB-9420-D82A02CBDED1} = {9B8AC507-754E-3AFB-9420-D82A02CBDED1}
		{D76D5F6A-F926-32DC-B0CC-5677BA9EC6FD} = {D76D5F6A-F926-32DC-B0CC-5677BA9EC6FD}
		{686D621B-9E7F-3715-B8FB-2B1D57087D64} = {686D621B-9E7F-3715-B8FB-2B1D57087D64}
		{51E139FB-65B5-37C7-8114-BD1A8B3E066B} = {51E139FB-65B5-37C7-8114-BD1A8B3E066B}
		{C2F4CA0B-D36D-37E5-9403-95AEB4BB9B49} = {C2F4CA0B-D36D-37E5-9403-95AEB4BB9B49}
		{863B5953-65BA-3907-BC85-10767EBDD9A2} = {863B5953-65BA-3907-BC85-10767EBDD9A2}
		{BF29CC4E-AE59-3D3B-941C-5AD3654F1DF3} = {BF29CC4E-AE59-3D3B-941C-5AD3654F1DF3}
		{22D45F50-A7EB-39CE-946C-56267D6E7BD8} = {22D45F50-A7EB-39CE-946C-56267D6E7BD8}
		{94013AD1-168C-3806-98C4-EAA66F9D5AF4} = {94013AD1-168C-3806-98C4-EAA66F9D5AF4}
		{DBE7E45F-DC6A-3DF6-9FDC-A43D87C27294} = {DBE7E45F-DC6A-3DF6-9FDC-A43D87C27294}
		{5B764944-6132-368F-A07A-A181F2724A7B} = {5B764944-6132-368F-A07A-A181F2724A7B}
		{341166DB-10E6-3AC9-8172-E9DC55DFACD1} = {341166DB-10E6-3AC9-8172-E9DC55DFACD1}
		{01D78922-993C-389F-9137-A75E0E475959} = {01D78922-993C-389F-9137-A75E0E475959}
		{9B503CE6-C00E-3317-8D09-E97CEA0D739A} = {9B503CE6-C00E-3317-8D09-E97CEA0D739A}
		{5B99C1EB-39BA-33B8-8A8E-AE24057FB3DB} = {5B99C1EB-39BA-33B8-8A8E-AE24057FB3DB}
		{C5ABA8FA-DAE5-34D3-BBAE-8D10C6D2B004} = {C5ABA8FA-DAE5-34D3-BBAE-8D10C6D2B004}
		{6B58816E-1783-353D-9BC8-5D2738054F4F} = {6B58816E-1783-353D-9BC8-5D2738054F4F}
		{B1B95439-F134-3C0A-AC8E-9DAD55C4F453} = {B1B95439-F134-3C0A-AC8E-9DAD55C4F453}
		{EC8730A8-90D5-3B60-BF34-097FAC2D50B0} = {EC8730A8-90D5-3B60-BF34-097FAC2D50B0}
		{2F75DAB7-7498-3A9C-8BCB-CC148FB7552B} = {2F75DAB7-7498-3A9C-8BCB-CC148FB7552B}
		{C13C346E-3984-3029-8FF6-B1737765591D} = {C13C346E-3984-3029-8FF6-B1737765591D}
		{D81C9B45-9874-33B8-9918-18CC9BC591AA} = {D81C9B45-9874-33B8-9918-18CC9BC591AA}
		{B6A20A12-A779-306C-BF85-0E17FFC8F8F8} = {B6A20A12-A779-306C-BF85-0E17FFC8F8F8}
		{8210DBD4-B6B9-32FD-9E55-03B651D687A3} = {8210DBD4-B6B9-32FD-9E55-03B651D687A3}
		{164DF64D-727C-3C1F-BC97-70DA495ADEF6} = {164DF64D-727C-3C1F-BC97-70DA495ADEF6}
		{B46F4E9C-61BD-3C64-BED3-FDC7956B0E9D} = {B46F4E9C-61BD-3C64-BED3-FDC7956B0E9D}
		{63BE10A2-5D5B-3388-ACBD-27BC33A7905E} = {63BE10A2-5D5B-3388-ACBD-27BC33A7905E}
		{BF755BD1-D443-3C1A-8353-23217ACA303E} = {BF755BD1-D443-3C1A-8353-23217ACA303E}
		{6ECC998C-F539-3670-8C36-00F501543DB7} = {6ECC998C-F539-3670-8C36-00F501543DB7}
	EndProjectSection
EndProject
Project("{8BC9CEB8-8B4A-11D0-8D11-00A0C91BC942}") = "Archiver", "source\utilities\FileSystem\Archiver\Archiver.vcxproj", "{9A4FB52A-812D-3A64-B540-CC17B90B74C0}"
	ProjectSection(ProjectDependencies) = postProject
		{AE3ED3E6-2E12-3775-9F0D-AACCAE1C7F75} = {AE3ED3E6-2E12-3775-9F0D-AACCAE1C7F75}
		{686D621B-9E7F-3715-B8FB-2B1D57087D64} = {686D621B-9E7F-3715-B8FB-2B1D57087D64}
	EndProjectSection
EndProject
Project("{8BC9CEB8-8B4A-11D0-8D11-00A0C91BC942}") = "DiscordAPITest_Client", "source\utilities\discord-app-test\api-test\client\DiscordAPITest_Client.vcxproj", "{1CA16695-50EC-3793-BF0C-C42FA29D0448}"
	ProjectSection(ProjectDependencies) = postProject
		{686D621B-9E7F-3715-B8FB-2B1D57087D64} = {686D621B-9E7F-3715-B8FB-2B1D57087D64}
		{22D45F50-A7EB-39CE-946C-56267D6E7BD8} = {22D45F50-A7EB-39CE-946C-56267D6E7BD8}
	EndProjectSection
EndProject
Project("{8BC9CEB8-8B4A-11D0-8D11-00A0C91BC942}") = "DiscordAPITest_Server", "source\utilities\discord-app-test\api-test\server\DiscordAPITest_Server.vcxproj", "{D6A69F4A-52DE-331B-8476-7D51FFE94FA8}"
	ProjectSection(ProjectDependencies) = postProject
		{686D621B-9E7F-3715-B8FB-2B1D57087D64} = {686D621B-9E7F-3715-B8FB-2B1D57087D64}
		{22D45F50-A7EB-39CE-946C-56267D6E7BD8} = {22D45F50-A7EB-39CE-946C-56267D6E7BD8}
	EndProjectSection
EndProject
Project("{8BC9CEB8-8B4A-11D0-8D11-00A0C91BC942}") = "DumpProto", "tools\DumpProto\DumpProto.vcxproj", "{0B3D4DB7-746B-3322-90D9-29845EC8A180}"
	ProjectSection(ProjectDependencies) = postProject
		{686D621B-9E7F-3715-B8FB-2B1D57087D64} = {686D621B-9E7F-3715-B8FB-2B1D57087D64}
		{BF755BD1-D443-3C1A-8353-23217ACA303E} = {BF755BD1-D443-3C1A-8353-23217ACA303E}
	EndProjectSection
EndProject
Project("{8BC9CEB8-8B4A-11D0-8D11-00A0C91BC942}") = "FSLib", "source\utilities\FileSystem\FSLib\FSLib.vcxproj", "{AE3ED3E6-2E12-3775-9F0D-AACCAE1C7F75}"
	ProjectSection(ProjectDependencies) = postProject
		{686D621B-9E7F-3715-B8FB-2B1D57087D64} = {686D621B-9E7F-3715-B8FB-2B1D57087D64}
	EndProjectSection
EndProject
Project("{8BC9CEB8-8B4A-11D0-8D11-00A0C91BC942}") = "FSTest", "source\utilities\FileSystem\FSTest\FSTest.vcxproj", "{F6F94A89-D202-315F-B8C3-64BFCA51172E}"
	ProjectSection(ProjectDependencies) = postProject
		{AE3ED3E6-2E12-3775-9F0D-AACCAE1C7F75} = {AE3ED3E6-2E12-3775-9F0D-AACCAE1C7F75}
		{686D621B-9E7F-3715-B8FB-2B1D57087D64} = {686D621B-9E7F-3715-B8FB-2B1D57087D64}
	EndProjectSection
EndProject
Project("{8BC9CEB8-8B4A-11D0-8D11-00A0C91BC942}") = "NetEngine", "source\utilities\NetEngine\NetEngine.vcxproj", "{E78B70AC-0502-34DC-B613-BDE49EA8919F}"
	ProjectSection(ProjectDependencies) = postProject
		{686D621B-9E7F-3715-B8FB-2B1D57087D64} = {686D621B-9E7F-3715-B8FB-2B1D57087D64}
	EndProjectSection
EndProject
Project("{8BC9CEB8-8B4A-11D0-8D11-00A0C91BC942}") = "NetEngine_Test", "source\utilities\NetEngine\NetEngine_Test.vcxproj", "{9B8AC507-754E-3AFB-9420-D82A02CBDED1}"
	ProjectSection(ProjectDependencies) = postProject
		{E78B70AC-0502-34DC-B613-BDE49EA8919F} = {E78B70AC-0502-34DC-B613-BDE49EA8919F}
		{686D621B-9E7F-3715-B8FB-2B1D57087D64} = {686D621B-9E7F-3715-B8FB-2B1D57087D64}
	EndProjectSection
EndProject
Project("{8BC9CEB8-8B4A-11D0-8D11-00A0C91BC942}") = "PropertyGenerator", "source\utilities\FileSystem\PropertyGenerator\PropertyGenerator.vcxproj", "{D76D5F6A-F926-32DC-B0CC-5677BA9EC6FD}"
	ProjectSection(ProjectDependencies) = postProject
		{AE3ED3E6-2E12-3775-9F0D-AACCAE1C7F75} = {AE3ED3E6-2E12-3775-9F0D-AACCAE1C7F75}
		{686D621B-9E7F-3715-B8FB-2B1D57087D64} = {686D621B-9E7F-3715-B8FB-2B1D57087D64}
	EndProjectSection
EndProject
Project("{8BC9CEB8-8B4A-11D0-8D11-00A0C91BC942}") = "ZERO_CHECK", "ZERO_CHECK.vcxproj", "{686D621B-9E7F-3715-B8FB-2B1D57087D64}"
	ProjectSection(ProjectDependencies) = postProject
	EndProjectSection
EndProject
Project("{8BC9CEB8-8B4A-11D0-8D11-00A0C91BC942}") = "auth_server", "source\server\auth\auth_server.vcxproj", "{51E139FB-65B5-37C7-8114-BD1A8B3E066B}"
	ProjectSection(ProjectDependencies) = postProject
		{E78B70AC-0502-34DC-B613-BDE49EA8919F} = {E78B70AC-0502-34DC-B613-BDE49EA8919F}
		{686D621B-9E7F-3715-B8FB-2B1D57087D64} = {686D621B-9E7F-3715-B8FB-2B1D57087D64}
		{BF755BD1-D443-3C1A-8353-23217ACA303E} = {BF755BD1-D443-3C1A-8353-23217ACA303E}
	EndProjectSection
EndProject
Project("{8BC9CEB8-8B4A-11D0-8D11-00A0C91BC942}") = "client_debug_86", "source\client\eterXClient\client_debug_86.vcxproj", "{C2F4CA0B-D36D-37E5-9403-95AEB4BB9B49}"
	ProjectSection(ProjectDependencies) = postProject
		{686D621B-9E7F-3715-B8FB-2B1D57087D64} = {686D621B-9E7F-3715-B8FB-2B1D57087D64}
		{94013AD1-168C-3806-98C4-EAA66F9D5AF4} = {94013AD1-168C-3806-98C4-EAA66F9D5AF4}
		{DBE7E45F-DC6A-3DF6-9FDC-A43D87C27294} = {DBE7E45F-DC6A-3DF6-9FDC-A43D87C27294}
		{5B764944-6132-368F-A07A-A181F2724A7B} = {5B764944-6132-368F-A07A-A181F2724A7B}
		{341166DB-10E6-3AC9-8172-E9DC55DFACD1} = {341166DB-10E6-3AC9-8172-E9DC55DFACD1}
		{01D78922-993C-389F-9137-A75E0E475959} = {01D78922-993C-389F-9137-A75E0E475959}
		{9B503CE6-C00E-3317-8D09-E97CEA0D739A} = {9B503CE6-C00E-3317-8D09-E97CEA0D739A}
		{5B99C1EB-39BA-33B8-8A8E-AE24057FB3DB} = {5B99C1EB-39BA-33B8-8A8E-AE24057FB3DB}
		{C5ABA8FA-DAE5-34D3-BBAE-8D10C6D2B004} = {C5ABA8FA-DAE5-34D3-BBAE-8D10C6D2B004}
		{6B58816E-1783-353D-9BC8-5D2738054F4F} = {6B58816E-1783-353D-9BC8-5D2738054F4F}
		{B1B95439-F134-3C0A-AC8E-9DAD55C4F453} = {B1B95439-F134-3C0A-AC8E-9DAD55C4F453}
		{EC8730A8-90D5-3B60-BF34-097FAC2D50B0} = {EC8730A8-90D5-3B60-BF34-097FAC2D50B0}
		{2F75DAB7-7498-3A9C-8BCB-CC148FB7552B} = {2F75DAB7-7498-3A9C-8BCB-CC148FB7552B}
		{C13C346E-3984-3029-8FF6-B1737765591D} = {C13C346E-3984-3029-8FF6-B1737765591D}
		{D81C9B45-9874-33B8-9918-18CC9BC591AA} = {D81C9B45-9874-33B8-9918-18CC9BC591AA}
	EndProjectSection
EndProject
Project("{8BC9CEB8-8B4A-11D0-8D11-00A0C91BC942}") = "cryptlib", "source\server\libcrypt\cryptlib.vcxproj", "{863B5953-65BA-3907-BC85-10767EBDD9A2}"
	ProjectSection(ProjectDependencies) = postProject
		{686D621B-9E7F-3715-B8FB-2B1D57087D64} = {686D621B-9E7F-3715-B8FB-2B1D57087D64}
	EndProjectSection
EndProject
Project("{8BC9CEB8-8B4A-11D0-8D11-00A0C91BC942}") = "db_cache", "source\server\db\db_cache.vcxproj", "{BF29CC4E-AE59-3D3B-941C-5AD3654F1DF3}"
	ProjectSection(ProjectDependencies) = postProject
		{686D621B-9E7F-3715-B8FB-2B1D57087D64} = {686D621B-9E7F-3715-B8FB-2B1D57087D64}
		{8210DBD4-B6B9-32FD-9E55-03B651D687A3} = {8210DBD4-B6B9-32FD-9E55-03B651D687A3}
		{63BE10A2-5D5B-3388-ACBD-27BC33A7905E} = {63BE10A2-5D5B-3388-ACBD-27BC33A7905E}
		{BF755BD1-D443-3C1A-8353-23217ACA303E} = {BF755BD1-D443-3C1A-8353-23217ACA303E}
	EndProjectSection
EndProject
Project("{8BC9CEB8-8B4A-11D0-8D11-00A0C91BC942}") = "discord_sdk", "source\utilities\discord-sdk\discord_sdk.vcxproj", "{22D45F50-A7EB-39CE-946C-56267D6E7BD8}"
	ProjectSection(ProjectDependencies) = postProject
		{686D621B-9E7F-3715-B8FB-2B1D57087D64} = {686D621B-9E7F-3715-B8FB-2B1D57087D64}
	EndProjectSection
EndProject
Project("{8BC9CEB8-8B4A-11D0-8D11-00A0C91BC942}") = "eterBase", "source\client\eterBase\eterBase.vcxproj", "{94013AD1-168C-3806-98C4-EAA66F9D5AF4}"
	ProjectSection(ProjectDependencies) = postProject
		{686D621B-9E7F-3715-B8FB-2B1D57087D64} = {686D621B-9E7F-3715-B8FB-2B1D57087D64}
	EndProjectSection
EndProject
Project("{8BC9CEB8-8B4A-11D0-8D11-00A0C91BC942}") = "eterEffectLib", "source\client\eterEffectLib\eterEffectLib.vcxproj", "{DBE7E45F-DC6A-3DF6-9FDC-A43D87C27294}"
	ProjectSection(ProjectDependencies) = postProject
		{686D621B-9E7F-3715-B8FB-2B1D57087D64} = {686D621B-9E7F-3715-B8FB-2B1D57087D64}
	EndProjectSection
EndProject
Project("{8BC9CEB8-8B4A-11D0-8D11-00A0C91BC942}") = "eterGameLib", "source\client\eterGameLib\eterGameLib.vcxproj", "{5B764944-6132-368F-A07A-A181F2724A7B}"
	ProjectSection(ProjectDependencies) = postProject
		{686D621B-9E7F-3715-B8FB-2B1D57087D64} = {686D621B-9E7F-3715-B8FB-2B1D57087D64}
	EndProjectSection
EndProject
Project("{8BC9CEB8-8B4A-11D0-8D11-00A0C91BC942}") = "eterGrnLib", "source\client\eterGrnLib\eterGrnLib.vcxproj", "{341166DB-10E6-3AC9-8172-E9DC55DFACD1}"
	ProjectSection(ProjectDependencies) = postProject
		{686D621B-9E7F-3715-B8FB-2B1D57087D64} = {686D621B-9E7F-3715-B8FB-2B1D57087D64}
	EndProjectSection
EndProject
Project("{8BC9CEB8-8B4A-11D0-8D11-00A0C91BC942}") = "eterImageLib", "source\client\eterImageLib\eterImageLib.vcxproj", "{01D78922-993C-389F-9137-A75E0E475959}"
	ProjectSection(ProjectDependencies) = postProject
		{686D621B-9E7F-3715-B8FB-2B1D57087D64} = {686D621B-9E7F-3715-B8FB-2B1D57087D64}
	EndProjectSection
EndProject
Project("{8BC9CEB8-8B4A-11D0-8D11-00A0C91BC942}") = "eterLib", "source\client\eterLib\eterLib.vcxproj", "{9B503CE6-C00E-3317-8D09-E97CEA0D739A}"
	ProjectSection(ProjectDependencies) = postProject
		{686D621B-9E7F-3715-B8FB-2B1D57087D64} = {686D621B-9E7F-3715-B8FB-2B1D57087D64}
	EndProjectSection
EndProject
Project("{8BC9CEB8-8B4A-11D0-8D11-00A0C91BC942}") = "eterPythonLib", "source\client\eterPythonLib\eterPythonLib.vcxproj", "{5B99C1EB-39BA-33B8-8A8E-AE24057FB3DB}"
	ProjectSection(ProjectDependencies) = postProject
		{686D621B-9E7F-3715-B8FB-2B1D57087D64} = {686D621B-9E7F-3715-B8FB-2B1D57087D64}
	EndProjectSection
EndProject
Project("{8BC9CEB8-8B4A-11D0-8D11-00A0C91BC942}") = "eterScriptLib", "source\client\eterScriptLib\eterScriptLib.vcxproj", "{C5ABA8FA-DAE5-34D3-BBAE-8D10C6D2B004}"
	ProjectSection(ProjectDependencies) = postProject
		{686D621B-9E7F-3715-B8FB-2B1D57087D64} = {686D621B-9E7F-3715-B8FB-2B1D57087D64}
	EndProjectSection
EndProject
Project("{8BC9CEB8-8B4A-11D0-8D11-00A0C91BC942}") = "eterSecurity", "source\client\eterSecurity\eterSecurity.vcxproj", "{6B58816E-1783-353D-9BC8-5D2738054F4F}"
	ProjectSection(ProjectDependencies) = postProject
		{686D621B-9E7F-3715-B8FB-2B1D57087D64} = {686D621B-9E7F-3715-B8FB-2B1D57087D64}
	EndProjectSection
EndProject
Project("{8BC9CEB8-8B4A-11D0-8D11-00A0C91BC942}") = "eterSoundLib", "source\client\eterSoundLib\eterSoundLib.vcxproj", "{B1B95439-F134-3C0A-AC8E-9DAD55C4F453}"
	ProjectSection(ProjectDependencies) = postProject
		{686D621B-9E7F-3715-B8FB-2B1D57087D64} = {686D621B-9E7F-3715-B8FB-2B1D57087D64}
	EndProjectSection
EndProject
Project("{8BC9CEB8-8B4A-11D0-8D11-00A0C91BC942}") = "eterSphereLib", "source\client\eterSphereLib\eterSphereLib.vcxproj", "{EC8730A8-90D5-3B60-BF34-097FAC2D50B0}"
	ProjectSection(ProjectDependencies) = postProject
		{686D621B-9E7F-3715-B8FB-2B1D57087D64} = {686D621B-9E7F-3715-B8FB-2B1D57087D64}
	EndProjectSection
EndProject
Project("{8BC9CEB8-8B4A-11D0-8D11-00A0C91BC942}") = "eterTerrainLib", "source\client\eterTerrainLib\eterTerrainLib.vcxproj", "{2F75DAB7-7498-3A9C-8BCB-CC148FB7552B}"
	ProjectSection(ProjectDependencies) = postProject
		{686D621B-9E7F-3715-B8FB-2B1D57087D64} = {686D621B-9E7F-3715-B8FB-2B1D57087D64}
	EndProjectSection
EndProject
Project("{8BC9CEB8-8B4A-11D0-8D11-00A0C91BC942}") = "eterTreeLib", "source\client\eterTreeLib\eterTreeLib.vcxproj", "{C13C346E-3984-3029-8FF6-B1737765591D}"
	ProjectSection(ProjectDependencies) = postProject
		{686D621B-9E7F-3715-B8FB-2B1D57087D64} = {686D621B-9E7F-3715-B8FB-2B1D57087D64}
	EndProjectSection
EndProject
Project("{8BC9CEB8-8B4A-11D0-8D11-00A0C91BC942}") = "eterWebBrowser", "source\client\eterWebBrowser\eterWebBrowser.vcxproj", "{D81C9B45-9874-33B8-9918-18CC9BC591AA}"
	ProjectSection(ProjectDependencies) = postProject
		{686D621B-9E7F-3715-B8FB-2B1D57087D64} = {686D621B-9E7F-3715-B8FB-2B1D57087D64}
	EndProjectSection
EndProject
Project("{8BC9CEB8-8B4A-11D0-8D11-00A0C91BC942}") = "game_server", "source\server\game\game_server.vcxproj", "{B6A20A12-A779-306C-BF85-0E17FFC8F8F8}"
	ProjectSection(ProjectDependencies) = postProject
		{686D621B-9E7F-3715-B8FB-2B1D57087D64} = {686D621B-9E7F-3715-B8FB-2B1D57087D64}
		{8210DBD4-B6B9-32FD-9E55-03B651D687A3} = {8210DBD4-B6B9-32FD-9E55-03B651D687A3}
		{164DF64D-727C-3C1F-BC97-70DA495ADEF6} = {164DF64D-727C-3C1F-BC97-70DA495ADEF6}
		{63BE10A2-5D5B-3388-ACBD-27BC33A7905E} = {63BE10A2-5D5B-3388-ACBD-27BC33A7905E}
		{BF755BD1-D443-3C1A-8353-23217ACA303E} = {BF755BD1-D443-3C1A-8353-23217ACA303E}
	EndProjectSection
EndProject
Project("{8BC9CEB8-8B4A-11D0-8D11-00A0C91BC942}") = "gamelib", "source\server\libgame\gamelib.vcxproj", "{8210DBD4-B6B9-32FD-9E55-03B651D687A3}"
	ProjectSection(ProjectDependencies) = postProject
		{686D621B-9E7F-3715-B8FB-2B1D57087D64} = {686D621B-9E7F-3715-B8FB-2B1D57087D64}
	EndProjectSection
EndProject
Project("{8BC9CEB8-8B4A-11D0-8D11-00A0C91BC942}") = "lualib", "source\server\liblua\lualib.vcxproj", "{164DF64D-727C-3C1F-BC97-70DA495ADEF6}"
	ProjectSection(ProjectDependencies) = postProject
		{686D621B-9E7F-3715-B8FB-2B1D57087D64} = {686D621B-9E7F-3715-B8FB-2B1D57087D64}
	EndProjectSection
EndProject
Project("{8BC9CEB8-8B4A-11D0-8D11-00A0C91BC942}") = "qc", "source\server\quest_compiler\qc.vcxproj", "{B46F4E9C-61BD-3C64-BED3-FDC7956B0E9D}"
	ProjectSection(ProjectDependencies) = postProject
		{686D621B-9E7F-3715-B8FB-2B1D57087D64} = {686D621B-9E7F-3715-B8FB-2B1D57087D64}
		{164DF64D-727C-3C1F-BC97-70DA495ADEF6} = {164DF64D-727C-3C1F-BC97-70DA495ADEF6}
	EndProjectSection
EndProject
Project("{8BC9CEB8-8B4A-11D0-8D11-00A0C91BC942}") = "sqllib", "source\server\libsql\sqllib.vcxproj", "{63BE10A2-5D5B-3388-ACBD-27BC33A7905E}"
	ProjectSection(ProjectDependencies) = postProject
		{686D621B-9E7F-3715-B8FB-2B1D57087D64} = {686D621B-9E7F-3715-B8FB-2B1D57087D64}
	EndProjectSection
EndProject
Project("{8BC9CEB8-8B4A-11D0-8D11-00A0C91BC942}") = "thecorelib", "source\server\libthecore\thecorelib.vcxproj", "{BF755BD1-D443-3C1A-8353-23217ACA303E}"
	ProjectSection(ProjectDependencies) = postProject
		{686D621B-9E7F-3715-B8FB-2B1D57087D64} = {686D621B-9E7F-3715-B8FB-2B1D57087D64}
	EndProjectSection
EndProject
Project("{8BC9CEB8-8B4A-11D0-8D11-00A0C91BC942}") = "vrunner", "source\server\vrunner\vrunner.vcxproj", "{6ECC998C-F539-3670-8C36-00F501543DB7}"
	ProjectSection(ProjectDependencies) = postProject
		{686D621B-9E7F-3715-B8FB-2B1D57087D64} = {686D621B-9E7F-3715-B8FB-2B1D57087D64}
	EndProjectSection
EndProject
Global
	GlobalSection(SolutionConfigurationPlatforms) = preSolution
		Debug|Win32 = Debug|Win32
		Release|Win32 = Release|Win32
		MinSizeRel|Win32 = MinSizeRel|Win32
		RelWithDebInfo|Win32 = RelWithDebInfo|Win32
	EndGlobalSection
	GlobalSection(ProjectConfigurationPlatforms) = postSolution
		{62528591-78DD-3F13-9CDF-A8D311FC2EBA}.Debug|Win32.ActiveCfg = Debug|Win32
		{62528591-78DD-3F13-9CDF-A8D311FC2EBA}.Release|Win32.ActiveCfg = Release|Win32
		{62528591-78DD-3F13-9CDF-A8D311FC2EBA}.MinSizeRel|Win32.ActiveCfg = MinSizeRel|Win32
		{62528591-78DD-3F13-9CDF-A8D311FC2EBA}.RelWithDebInfo|Win32.ActiveCfg = RelWithDebInfo|Win32
		{9A4FB52A-812D-3A64-B540-CC17B90B74C0}.Debug|Win32.ActiveCfg = Debug|Win32
		{9A4FB52A-812D-3A64-B540-CC17B90B74C0}.Debug|Win32.Build.0 = Debug|Win32
		{9A4FB52A-812D-3A64-B540-CC17B90B74C0}.Release|Win32.ActiveCfg = Release|Win32
		{9A4FB52A-812D-3A64-B540-CC17B90B74C0}.Release|Win32.Build.0 = Release|Win32
		{9A4FB52A-812D-3A64-B540-CC17B90B74C0}.MinSizeRel|Win32.ActiveCfg = MinSizeRel|Win32
		{9A4FB52A-812D-3A64-B540-CC17B90B74C0}.MinSizeRel|Win32.Build.0 = MinSizeRel|Win32
		{9A4FB52A-812D-3A64-B540-CC17B90B74C0}.RelWithDebInfo|Win32.ActiveCfg = RelWithDebInfo|Win32
		{9A4FB52A-812D-3A64-B540-CC17B90B74C0}.RelWithDebInfo|Win32.Build.0 = RelWithDebInfo|Win32
		{1CA16695-50EC-3793-BF0C-C42FA29D0448}.Debug|Win32.ActiveCfg = Debug|Win32
		{1CA16695-50EC-3793-BF0C-C42FA29D0448}.Debug|Win32.Build.0 = Debug|Win32
		{1CA16695-50EC-3793-BF0C-C42FA29D0448}.Release|Win32.ActiveCfg = Release|Win32
		{1CA16695-50EC-3793-BF0C-C42FA29D0448}.Release|Win32.Build.0 = Release|Win32
		{1CA16695-50EC-3793-BF0C-C42FA29D0448}.MinSizeRel|Win32.ActiveCfg = MinSizeRel|Win32
		{1CA16695-50EC-3793-BF0C-C42FA29D0448}.MinSizeRel|Win32.Build.0 = MinSizeRel|Win32
		{1CA16695-50EC-3793-BF0C-C42FA29D0448}.RelWithDebInfo|Win32.ActiveCfg = RelWithDebInfo|Win32
		{1CA16695-50EC-3793-BF0C-C42FA29D0448}.RelWithDebInfo|Win32.Build.0 = RelWithDebInfo|Win32
		{D6A69F4A-52DE-331B-8476-7D51FFE94FA8}.Debug|Win32.ActiveCfg = Debug|Win32
		{D6A69F4A-52DE-331B-8476-7D51FFE94FA8}.Debug|Win32.Build.0 = Debug|Win32
		{D6A69F4A-52DE-331B-8476-7D51FFE94FA8}.Release|Win32.ActiveCfg = Release|Win32
		{D6A69F4A-52DE-331B-8476-7D51FFE94FA8}.Release|Win32.Build.0 = Release|Win32
		{D6A69F4A-52DE-331B-8476-7D51FFE94FA8}.MinSizeRel|Win32.ActiveCfg = MinSizeRel|Win32
		{D6A69F4A-52DE-331B-8476-7D51FFE94FA8}.MinSizeRel|Win32.Build.0 = MinSizeRel|Win32
		{D6A69F4A-52DE-331B-8476-7D51FFE94FA8}.RelWithDebInfo|Win32.ActiveCfg = RelWithDebInfo|Win32
		{D6A69F4A-52DE-331B-8476-7D51FFE94FA8}.RelWithDebInfo|Win32.Build.0 = RelWithDebInfo|Win32
		{0B3D4DB7-746B-3322-90D9-29845EC8A180}.Debug|Win32.ActiveCfg = Debug|Win32
		{0B3D4DB7-746B-3322-90D9-29845EC8A180}.Debug|Win32.Build.0 = Debug|Win32
		{0B3D4DB7-746B-3322-90D9-29845EC8A180}.Release|Win32.ActiveCfg = Release|Win32
		{0B3D4DB7-746B-3322-90D9-29845EC8A180}.Release|Win32.Build.0 = Release|Win32
		{0B3D4DB7-746B-3322-90D9-29845EC8A180}.MinSizeRel|Win32.ActiveCfg = MinSizeRel|Win32
		{0B3D4DB7-746B-3322-90D9-29845EC8A180}.MinSizeRel|Win32.Build.0 = MinSizeRel|Win32
		{0B3D4DB7-746B-3322-90D9-29845EC8A180}.RelWithDebInfo|Win32.ActiveCfg = RelWithDebInfo|Win32
		{0B3D4DB7-746B-3322-90D9-29845EC8A180}.RelWithDebInfo|Win32.Build.0 = RelWithDebInfo|Win32
		{AE3ED3E6-2E12-3775-9F0D-AACCAE1C7F75}.Debug|Win32.ActiveCfg = Debug|Win32
		{AE3ED3E6-2E12-3775-9F0D-AACCAE1C7F75}.Debug|Win32.Build.0 = Debug|Win32
		{AE3ED3E6-2E12-3775-9F0D-AACCAE1C7F75}.Release|Win32.ActiveCfg = Release|Win32
		{AE3ED3E6-2E12-3775-9F0D-AACCAE1C7F75}.Release|Win32.Build.0 = Release|Win32
		{AE3ED3E6-2E12-3775-9F0D-AACCAE1C7F75}.MinSizeRel|Win32.ActiveCfg = MinSizeRel|Win32
		{AE3ED3E6-2E12-3775-9F0D-AACCAE1C7F75}.MinSizeRel|Win32.Build.0 = MinSizeRel|Win32
		{AE3ED3E6-2E12-3775-9F0D-AACCAE1C7F75}.RelWithDebInfo|Win32.ActiveCfg = RelWithDebInfo|Win32
		{AE3ED3E6-2E12-3775-9F0D-AACCAE1C7F75}.RelWithDebInfo|Win32.Build.0 = RelWithDebInfo|Win32
		{F6F94A89-D202-315F-B8C3-64BFCA51172E}.Debug|Win32.ActiveCfg = Debug|Win32
		{F6F94A89-D202-315F-B8C3-64BFCA51172E}.Debug|Win32.Build.0 = Debug|Win32
		{F6F94A89-D202-315F-B8C3-64BFCA51172E}.Release|Win32.ActiveCfg = Release|Win32
		{F6F94A89-D202-315F-B8C3-64BFCA51172E}.Release|Win32.Build.0 = Release|Win32
		{F6F94A89-D202-315F-B8C3-64BFCA51172E}.MinSizeRel|Win32.ActiveCfg = MinSizeRel|Win32
		{F6F94A89-D202-315F-B8C3-64BFCA51172E}.MinSizeRel|Win32.Build.0 = MinSizeRel|Win32
		{F6F94A89-D202-315F-B8C3-64BFCA51172E}.RelWithDebInfo|Win32.ActiveCfg = RelWithDebInfo|Win32
		{F6F94A89-D202-315F-B8C3-64BFCA51172E}.RelWithDebInfo|Win32.Build.0 = RelWithDebInfo|Win32
		{E78B70AC-0502-34DC-B613-BDE49EA8919F}.Debug|Win32.ActiveCfg = Debug|Win32
		{E78B70AC-0502-34DC-B613-BDE49EA8919F}.Debug|Win32.Build.0 = Debug|Win32
		{E78B70AC-0502-34DC-B613-BDE49EA8919F}.Release|Win32.ActiveCfg = Release|Win32
		{E78B70AC-0502-34DC-B613-BDE49EA8919F}.Release|Win32.Build.0 = Release|Win32
		{E78B70AC-0502-34DC-B613-BDE49EA8919F}.MinSizeRel|Win32.ActiveCfg = MinSizeRel|Win32
		{E78B70AC-0502-34DC-B613-BDE49EA8919F}.MinSizeRel|Win32.Build.0 = MinSizeRel|Win32
		{E78B70AC-0502-34DC-B613-BDE49EA8919F}.RelWithDebInfo|Win32.ActiveCfg = RelWithDebInfo|Win32
		{E78B70AC-0502-34DC-B613-BDE49EA8919F}.RelWithDebInfo|Win32.Build.0 = RelWithDebInfo|Win32
		{9B8AC507-754E-3AFB-9420-D82A02CBDED1}.Debug|Win32.ActiveCfg = Debug|Win32
		{9B8AC507-754E-3AFB-9420-D82A02CBDED1}.Debug|Win32.Build.0 = Debug|Win32
		{9B8AC507-754E-3AFB-9420-D82A02CBDED1}.Release|Win32.ActiveCfg = Release|Win32
		{9B8AC507-754E-3AFB-9420-D82A02CBDED1}.Release|Win32.Build.0 = Release|Win32
		{9B8AC507-754E-3AFB-9420-D82A02CBDED1}.MinSizeRel|Win32.ActiveCfg = MinSizeRel|Win32
		{9B8AC507-754E-3AFB-9420-D82A02CBDED1}.MinSizeRel|Win32.Build.0 = MinSizeRel|Win32
		{9B8AC507-754E-3AFB-9420-D82A02CBDED1}.RelWithDebInfo|Win32.ActiveCfg = RelWithDebInfo|Win32
		{9B8AC507-754E-3AFB-9420-D82A02CBDED1}.RelWithDebInfo|Win32.Build.0 = RelWithDebInfo|Win32
		{D76D5F6A-F926-32DC-B0CC-5677BA9EC6FD}.Debug|Win32.ActiveCfg = Debug|Win32
		{D76D5F6A-F926-32DC-B0CC-5677BA9EC6FD}.Debug|Win32.Build.0 = Debug|Win32
		{D76D5F6A-F926-32DC-B0CC-5677BA9EC6FD}.Release|Win32.ActiveCfg = Release|Win32
		{D76D5F6A-F926-32DC-B0CC-5677BA9EC6FD}.Release|Win32.Build.0 = Release|Win32
		{D76D5F6A-F926-32DC-B0CC-5677BA9EC6FD}.MinSizeRel|Win32.ActiveCfg = MinSizeRel|Win32
		{D76D5F6A-F926-32DC-B0CC-5677BA9EC6FD}.MinSizeRel|Win32.Build.0 = MinSizeRel|Win32
		{D76D5F6A-F926-32DC-B0CC-5677BA9EC6FD}.RelWithDebInfo|Win32.ActiveCfg = RelWithDebInfo|Win32
		{D76D5F6A-F926-32DC-B0CC-5677BA9EC6FD}.RelWithDebInfo|Win32.Build.0 = RelWithDebInfo|Win32
		{686D621B-9E7F-3715-B8FB-2B1D57087D64}.Debug|Win32.ActiveCfg = Debug|Win32
		{686D621B-9E7F-3715-B8FB-2B1D57087D64}.Debug|Win32.Build.0 = Debug|Win32
		{686D621B-9E7F-3715-B8FB-2B1D57087D64}.Release|Win32.ActiveCfg = Release|Win32
		{686D621B-9E7F-3715-B8FB-2B1D57087D64}.Release|Win32.Build.0 = Release|Win32
		{686D621B-9E7F-3715-B8FB-2B1D57087D64}.MinSizeRel|Win32.ActiveCfg = MinSizeRel|Win32
		{686D621B-9E7F-3715-B8FB-2B1D57087D64}.MinSizeRel|Win32.Build.0 = MinSizeRel|Win32
		{686D621B-9E7F-3715-B8FB-2B1D57087D64}.RelWithDebInfo|Win32.ActiveCfg = RelWithDebInfo|Win32
		{686D621B-9E7F-3715-B8FB-2B1D57087D64}.RelWithDebInfo|Win32.Build.0 = RelWithDebInfo|Win32
		{51E139FB-65B5-37C7-8114-BD1A8B3E066B}.Debug|Win32.ActiveCfg = Debug|Win32
		{51E139FB-65B5-37C7-8114-BD1A8B3E066B}.Debug|Win32.Build.0 = Debug|Win32
		{51E139FB-65B5-37C7-8114-BD1A8B3E066B}.Release|Win32.ActiveCfg = Release|Win32
		{51E139FB-65B5-37C7-8114-BD1A8B3E066B}.Release|Win32.Build.0 = Release|Win32
		{51E139FB-65B5-37C7-8114-BD1A8B3E066B}.MinSizeRel|Win32.ActiveCfg = MinSizeRel|Win32
		{51E139FB-65B5-37C7-8114-BD1A8B3E066B}.MinSizeRel|Win32.Build.0 = MinSizeRel|Win32
		{51E139FB-65B5-37C7-8114-BD1A8B3E066B}.RelWithDebInfo|Win32.ActiveCfg = RelWithDebInfo|Win32
		{51E139FB-65B5-37C7-8114-BD1A8B3E066B}.RelWithDebInfo|Win32.Build.0 = RelWithDebInfo|Win32
		{C2F4CA0B-D36D-37E5-9403-95AEB4BB9B49}.Debug|Win32.ActiveCfg = Debug|Win32
		{C2F4CA0B-D36D-37E5-9403-95AEB4BB9B49}.Debug|Win32.Build.0 = Debug|Win32
		{C2F4CA0B-D36D-37E5-9403-95AEB4BB9B49}.Release|Win32.ActiveCfg = Release|Win32
		{C2F4CA0B-D36D-37E5-9403-95AEB4BB9B49}.Release|Win32.Build.0 = Release|Win32
		{C2F4CA0B-D36D-37E5-9403-95AEB4BB9B49}.MinSizeRel|Win32.ActiveCfg = MinSizeRel|Win32
		{C2F4CA0B-D36D-37E5-9403-95AEB4BB9B49}.MinSizeRel|Win32.Build.0 = MinSizeRel|Win32
		{C2F4CA0B-D36D-37E5-9403-95AEB4BB9B49}.RelWithDebInfo|Win32.ActiveCfg = RelWithDebInfo|Win32
		{C2F4CA0B-D36D-37E5-9403-95AEB4BB9B49}.RelWithDebInfo|Win32.Build.0 = RelWithDebInfo|Win32
		{863B5953-65BA-3907-BC85-10767EBDD9A2}.Debug|Win32.ActiveCfg = Debug|Win32
		{863B5953-65BA-3907-BC85-10767EBDD9A2}.Debug|Win32.Build.0 = Debug|Win32
		{863B5953-65BA-3907-BC85-10767EBDD9A2}.Release|Win32.ActiveCfg = Release|Win32
		{863B5953-65BA-3907-BC85-10767EBDD9A2}.Release|Win32.Build.0 = Release|Win32
		{863B5953-65BA-3907-BC85-10767EBDD9A2}.MinSizeRel|Win32.ActiveCfg = MinSizeRel|Win32
		{863B5953-65BA-3907-BC85-10767EBDD9A2}.MinSizeRel|Win32.Build.0 = MinSizeRel|Win32
		{863B5953-65BA-3907-BC85-10767EBDD9A2}.RelWithDebInfo|Win32.ActiveCfg = RelWithDebInfo|Win32
		{863B5953-65BA-3907-BC85-10767EBDD9A2}.RelWithDebInfo|Win32.Build.0 = RelWithDebInfo|Win32
		{BF29CC4E-AE59-3D3B-941C-5AD3654F1DF3}.Debug|Win32.ActiveCfg = Debug|Win32
		{BF29CC4E-AE59-3D3B-941C-5AD3654F1DF3}.Debug|Win32.Build.0 = Debug|Win32
		{BF29CC4E-AE59-3D3B-941C-5AD3654F1DF3}.Release|Win32.ActiveCfg = Release|Win32
		{BF29CC4E-AE59-3D3B-941C-5AD3654F1DF3}.Release|Win32.Build.0 = Release|Win32
		{BF29CC4E-AE59-3D3B-941C-5AD3654F1DF3}.MinSizeRel|Win32.ActiveCfg = MinSizeRel|Win32
		{BF29CC4E-AE59-3D3B-941C-5AD3654F1DF3}.MinSizeRel|Win32.Build.0 = MinSizeRel|Win32
		{BF29CC4E-AE59-3D3B-941C-5AD3654F1DF3}.RelWithDebInfo|Win32.ActiveCfg = RelWithDebInfo|Win32
		{BF29CC4E-AE59-3D3B-941C-5AD3654F1DF3}.RelWithDebInfo|Win32.Build.0 = RelWithDebInfo|Win32
		{22D45F50-A7EB-39CE-946C-56267D6E7BD8}.Debug|Win32.ActiveCfg = Debug|Win32
		{22D45F50-A7EB-39CE-946C-56267D6E7BD8}.Debug|Win32.Build.0 = Debug|Win32
		{22D45F50-A7EB-39CE-946C-56267D6E7BD8}.Release|Win32.ActiveCfg = Release|Win32
		{22D45F50-A7EB-39CE-946C-56267D6E7BD8}.Release|Win32.Build.0 = Release|Win32
		{22D45F50-A7EB-39CE-946C-56267D6E7BD8}.MinSizeRel|Win32.ActiveCfg = MinSizeRel|Win32
		{22D45F50-A7EB-39CE-946C-56267D6E7BD8}.MinSizeRel|Win32.Build.0 = MinSizeRel|Win32
		{22D45F50-A7EB-39CE-946C-56267D6E7BD8}.RelWithDebInfo|Win32.ActiveCfg = RelWithDebInfo|Win32
		{22D45F50-A7EB-39CE-946C-56267D6E7BD8}.RelWithDebInfo|Win32.Build.0 = RelWithDebInfo|Win32
		{94013AD1-168C-3806-98C4-EAA66F9D5AF4}.Debug|Win32.ActiveCfg = Debug|Win32
		{94013AD1-168C-3806-98C4-EAA66F9D5AF4}.Debug|Win32.Build.0 = Debug|Win32
		{94013AD1-168C-3806-98C4-EAA66F9D5AF4}.Release|Win32.ActiveCfg = Release|Win32
		{94013AD1-168C-3806-98C4-EAA66F9D5AF4}.Release|Win32.Build.0 = Release|Win32
		{94013AD1-168C-3806-98C4-EAA66F9D5AF4}.MinSizeRel|Win32.ActiveCfg = MinSizeRel|Win32
		{94013AD1-168C-3806-98C4-EAA66F9D5AF4}.MinSizeRel|Win32.Build.0 = MinSizeRel|Win32
		{94013AD1-168C-3806-98C4-EAA66F9D5AF4}.RelWithDebInfo|Win32.ActiveCfg = RelWithDebInfo|Win32
		{94013AD1-168C-3806-98C4-EAA66F9D5AF4}.RelWithDebInfo|Win32.Build.0 = RelWithDebInfo|Win32
		{DBE7E45F-DC6A-3DF6-9FDC-A43D87C27294}.Debug|Win32.ActiveCfg = Debug|Win32
		{DBE7E45F-DC6A-3DF6-9FDC-A43D87C27294}.Debug|Win32.Build.0 = Debug|Win32
		{DBE7E45F-DC6A-3DF6-9FDC-A43D87C27294}.Release|Win32.ActiveCfg = Release|Win32
		{DBE7E45F-DC6A-3DF6-9FDC-A43D87C27294}.Release|Win32.Build.0 = Release|Win32
		{DBE7E45F-DC6A-3DF6-9FDC-A43D87C27294}.MinSizeRel|Win32.ActiveCfg = MinSizeRel|Win32
		{DBE7E45F-DC6A-3DF6-9FDC-A43D87C27294}.MinSizeRel|Win32.Build.0 = MinSizeRel|Win32
		{DBE7E45F-DC6A-3DF6-9FDC-A43D87C27294}.RelWithDebInfo|Win32.ActiveCfg = RelWithDebInfo|Win32
		{DBE7E45F-DC6A-3DF6-9FDC-A43D87C27294}.RelWithDebInfo|Win32.Build.0 = RelWithDebInfo|Win32
		{5B764944-6132-368F-A07A-A181F2724A7B}.Debug|Win32.ActiveCfg = Debug|Win32
		{5B764944-6132-368F-A07A-A181F2724A7B}.Debug|Win32.Build.0 = Debug|Win32
		{5B764944-6132-368F-A07A-A181F2724A7B}.Release|Win32.ActiveCfg = Release|Win32
		{5B764944-6132-368F-A07A-A181F2724A7B}.Release|Win32.Build.0 = Release|Win32
		{5B764944-6132-368F-A07A-A181F2724A7B}.MinSizeRel|Win32.ActiveCfg = MinSizeRel|Win32
		{5B764944-6132-368F-A07A-A181F2724A7B}.MinSizeRel|Win32.Build.0 = MinSizeRel|Win32
		{5B764944-6132-368F-A07A-A181F2724A7B}.RelWithDebInfo|Win32.ActiveCfg = RelWithDebInfo|Win32
		{5B764944-6132-368F-A07A-A181F2724A7B}.RelWithDebInfo|Win32.Build.0 = RelWithDebInfo|Win32
		{341166DB-10E6-3AC9-8172-E9DC55DFACD1}.Debug|Win32.ActiveCfg = Debug|Win32
		{341166DB-10E6-3AC9-8172-E9DC55DFACD1}.Debug|Win32.Build.0 = Debug|Win32
		{341166DB-10E6-3AC9-8172-E9DC55DFACD1}.Release|Win32.ActiveCfg = Release|Win32
		{341166DB-10E6-3AC9-8172-E9DC55DFACD1}.Release|Win32.Build.0 = Release|Win32
		{341166DB-10E6-3AC9-8172-E9DC55DFACD1}.MinSizeRel|Win32.ActiveCfg = MinSizeRel|Win32
		{341166DB-10E6-3AC9-8172-E9DC55DFACD1}.MinSizeRel|Win32.Build.0 = MinSizeRel|Win32
		{341166DB-10E6-3AC9-8172-E9DC55DFACD1}.RelWithDebInfo|Win32.ActiveCfg = RelWithDebInfo|Win32
		{341166DB-10E6-3AC9-8172-E9DC55DFACD1}.RelWithDebInfo|Win32.Build.0 = RelWithDebInfo|Win32
		{01D78922-993C-389F-9137-A75E0E475959}.Debug|Win32.ActiveCfg = Debug|Win32
		{01D78922-993C-389F-9137-A75E0E475959}.Debug|Win32.Build.0 = Debug|Win32
		{01D78922-993C-389F-9137-A75E0E475959}.Release|Win32.ActiveCfg = Release|Win32
		{01D78922-993C-389F-9137-A75E0E475959}.Release|Win32.Build.0 = Release|Win32
		{01D78922-993C-389F-9137-A75E0E475959}.MinSizeRel|Win32.ActiveCfg = MinSizeRel|Win32
		{01D78922-993C-389F-9137-A75E0E475959}.MinSizeRel|Win32.Build.0 = MinSizeRel|Win32
		{01D78922-993C-389F-9137-A75E0E475959}.RelWithDebInfo|Win32.ActiveCfg = RelWithDebInfo|Win32
		{01D78922-993C-389F-9137-A75E0E475959}.RelWithDebInfo|Win32.Build.0 = RelWithDebInfo|Win32
		{9B503CE6-C00E-3317-8D09-E97CEA0D739A}.Debug|Win32.ActiveCfg = Debug|Win32
		{9B503CE6-C00E-3317-8D09-E97CEA0D739A}.Debug|Win32.Build.0 = Debug|Win32
		{9B503CE6-C00E-3317-8D09-E97CEA0D739A}.Release|Win32.ActiveCfg = Release|Win32
		{9B503CE6-C00E-3317-8D09-E97CEA0D739A}.Release|Win32.Build.0 = Release|Win32
		{9B503CE6-C00E-3317-8D09-E97CEA0D739A}.MinSizeRel|Win32.ActiveCfg = MinSizeRel|Win32
		{9B503CE6-C00E-3317-8D09-E97CEA0D739A}.MinSizeRel|Win32.Build.0 = MinSizeRel|Win32
		{9B503CE6-C00E-3317-8D09-E97CEA0D739A}.RelWithDebInfo|Win32.ActiveCfg = RelWithDebInfo|Win32
		{9B503CE6-C00E-3317-8D09-E97CEA0D739A}.RelWithDebInfo|Win32.Build.0 = RelWithDebInfo|Win32
		{5B99C1EB-39BA-33B8-8A8E-AE24057FB3DB}.Debug|Win32.ActiveCfg = Debug|Win32
		{5B99C1EB-39BA-33B8-8A8E-AE24057FB3DB}.Debug|Win32.Build.0 = Debug|Win32
		{5B99C1EB-39BA-33B8-8A8E-AE24057FB3DB}.Release|Win32.ActiveCfg = Release|Win32
		{5B99C1EB-39BA-33B8-8A8E-AE24057FB3DB}.Release|Win32.Build.0 = Release|Win32
		{5B99C1EB-39BA-33B8-8A8E-AE24057FB3DB}.MinSizeRel|Win32.ActiveCfg = MinSizeRel|Win32
		{5B99C1EB-39BA-33B8-8A8E-AE24057FB3DB}.MinSizeRel|Win32.Build.0 = MinSizeRel|Win32
		{5B99C1EB-39BA-33B8-8A8E-AE24057FB3DB}.RelWithDebInfo|Win32.ActiveCfg = RelWithDebInfo|Win32
		{5B99C1EB-39BA-33B8-8A8E-AE24057FB3DB}.RelWithDebInfo|Win32.Build.0 = RelWithDebInfo|Win32
		{C5ABA8FA-DAE5-34D3-BBAE-8D10C6D2B004}.Debug|Win32.ActiveCfg = Debug|Win32
		{C5ABA8FA-DAE5-34D3-BBAE-8D10C6D2B004}.Debug|Win32.Build.0 = Debug|Win32
		{C5ABA8FA-DAE5-34D3-BBAE-8D10C6D2B004}.Release|Win32.ActiveCfg = Release|Win32
		{C5ABA8FA-DAE5-34D3-BBAE-8D10C6D2B004}.Release|Win32.Build.0 = Release|Win32
		{C5ABA8FA-DAE5-34D3-BBAE-8D10C6D2B004}.MinSizeRel|Win32.ActiveCfg = MinSizeRel|Win32
		{C5ABA8FA-DAE5-34D3-BBAE-8D10C6D2B004}.MinSizeRel|Win32.Build.0 = MinSizeRel|Win32
		{C5ABA8FA-DAE5-34D3-BBAE-8D10C6D2B004}.RelWithDebInfo|Win32.ActiveCfg = RelWithDebInfo|Win32
		{C5ABA8FA-DAE5-34D3-BBAE-8D10C6D2B004}.RelWithDebInfo|Win32.Build.0 = RelWithDebInfo|Win32
		{6B58816E-1783-353D-9BC8-5D2738054F4F}.Debug|Win32.ActiveCfg = Debug|Win32
		{6B58816E-1783-353D-9BC8-5D2738054F4F}.Debug|Win32.Build.0 = Debug|Win32
		{6B58816E-1783-353D-9BC8-5D2738054F4F}.Release|Win32.ActiveCfg = Release|Win32
		{6B58816E-1783-353D-9BC8-5D2738054F4F}.Release|Win32.Build.0 = Release|Win32
		{6B58816E-1783-353D-9BC8-5D2738054F4F}.MinSizeRel|Win32.ActiveCfg = MinSizeRel|Win32
		{6B58816E-1783-353D-9BC8-5D2738054F4F}.MinSizeRel|Win32.Build.0 = MinSizeRel|Win32
		{6B58816E-1783-353D-9BC8-5D2738054F4F}.RelWithDebInfo|Win32.ActiveCfg = RelWithDebInfo|Win32
		{6B58816E-1783-353D-9BC8-5D2738054F4F}.RelWithDebInfo|Win32.Build.0 = RelWithDebInfo|Win32
		{B1B95439-F134-3C0A-AC8E-9DAD55C4F453}.Debug|Win32.ActiveCfg = Debug|Win32
		{B1B95439-F134-3C0A-AC8E-9DAD55C4F453}.Debug|Win32.Build.0 = Debug|Win32
		{B1B95439-F134-3C0A-AC8E-9DAD55C4F453}.Release|Win32.ActiveCfg = Release|Win32
		{B1B95439-F134-3C0A-AC8E-9DAD55C4F453}.Release|Win32.Build.0 = Release|Win32
		{B1B95439-F134-3C0A-AC8E-9DAD55C4F453}.MinSizeRel|Win32.ActiveCfg = MinSizeRel|Win32
		{B1B95439-F134-3C0A-AC8E-9DAD55C4F453}.MinSizeRel|Win32.Build.0 = MinSizeRel|Win32
		{B1B95439-F134-3C0A-AC8E-9DAD55C4F453}.RelWithDebInfo|Win32.ActiveCfg = RelWithDebInfo|Win32
		{B1B95439-F134-3C0A-AC8E-9DAD55C4F453}.RelWithDebInfo|Win32.Build.0 = RelWithDebInfo|Win32
		{EC8730A8-90D5-3B60-BF34-097FAC2D50B0}.Debug|Win32.ActiveCfg = Debug|Win32
		{EC8730A8-90D5-3B60-BF34-097FAC2D50B0}.Debug|Win32.Build.0 = Debug|Win32
		{EC8730A8-90D5-3B60-BF34-097FAC2D50B0}.Release|Win32.ActiveCfg = Release|Win32
		{EC8730A8-90D5-3B60-BF34-097FAC2D50B0}.Release|Win32.Build.0 = Release|Win32
		{EC8730A8-90D5-3B60-BF34-097FAC2D50B0}.MinSizeRel|Win32.ActiveCfg = MinSizeRel|Win32
		{EC8730A8-90D5-3B60-BF34-097FAC2D50B0}.MinSizeRel|Win32.Build.0 = MinSizeRel|Win32
		{EC8730A8-90D5-3B60-BF34-097FAC2D50B0}.RelWithDebInfo|Win32.ActiveCfg = RelWithDebInfo|Win32
		{EC8730A8-90D5-3B60-BF34-097FAC2D50B0}.RelWithDebInfo|Win32.Build.0 = RelWithDebInfo|Win32
		{2F75DAB7-7498-3A9C-8BCB-CC148FB7552B}.Debug|Win32.ActiveCfg = Debug|Win32
		{2F75DAB7-7498-3A9C-8BCB-CC148FB7552B}.Debug|Win32.Build.0 = Debug|Win32
		{2F75DAB7-7498-3A9C-8BCB-CC148FB7552B}.Release|Win32.ActiveCfg = Release|Win32
		{2F75DAB7-7498-3A9C-8BCB-CC148FB7552B}.Release|Win32.Build.0 = Release|Win32
		{2F75DAB7-7498-3A9C-8BCB-CC148FB7552B}.MinSizeRel|Win32.ActiveCfg = MinSizeRel|Win32
		{2F75DAB7-7498-3A9C-8BCB-CC148FB7552B}.MinSizeRel|Win32.Build.0 = MinSizeRel|Win32
		{2F75DAB7-7498-3A9C-8BCB-CC148FB7552B}.RelWithDebInfo|Win32.ActiveCfg = RelWithDebInfo|Win32
		{2F75DAB7-7498-3A9C-8BCB-CC148FB7552B}.RelWithDebInfo|Win32.Build.0 = RelWithDebInfo|Win32
		{C13C346E-3984-3029-8FF6-B1737765591D}.Debug|Win32.ActiveCfg = Debug|Win32
		{C13C346E-3984-3029-8FF6-B1737765591D}.Debug|Win32.Build.0 = Debug|Win32
		{C13C346E-3984-3029-8FF6-B1737765591D}.Release|Win32.ActiveCfg = Release|Win32
		{C13C346E-3984-3029-8FF6-B1737765591D}.Release|Win32.Build.0 = Release|Win32
		{C13C346E-3984-3029-8FF6-B1737765591D}.MinSizeRel|Win32.ActiveCfg = MinSizeRel|Win32
		{C13C346E-3984-3029-8FF6-B1737765591D}.MinSizeRel|Win32.Build.0 = MinSizeRel|Win32
		{C13C346E-3984-3029-8FF6-B1737765591D}.RelWithDebInfo|Win32.ActiveCfg = RelWithDebInfo|Win32
		{C13C346E-3984-3029-8FF6-B1737765591D}.RelWithDebInfo|Win32.Build.0 = RelWithDebInfo|Win32
		{D81C9B45-9874-33B8-9918-18CC9BC591AA}.Debug|Win32.ActiveCfg = Debug|Win32
		{D81C9B45-9874-33B8-9918-18CC9BC591AA}.Debug|Win32.Build.0 = Debug|Win32
		{D81C9B45-9874-33B8-9918-18CC9BC591AA}.Release|Win32.ActiveCfg = Release|Win32
		{D81C9B45-9874-33B8-9918-18CC9BC591AA}.Release|Win32.Build.0 = Release|Win32
		{D81C9B45-9874-33B8-9918-18CC9BC591AA}.MinSizeRel|Win32.ActiveCfg = MinSizeRel|Win32
		{D81C9B45-9874-33B8-9918-18CC9BC591AA}.MinSizeRel|Win32.Build.0 = MinSizeRel|Win32
		{D81C9B45-9874-33B8-9918-18CC9BC591AA}.RelWithDebInfo|Win32.ActiveCfg = RelWithDebInfo|Win32
		{D81C9B45-9874-33B8-9918-18CC9BC591AA}.RelWithDebInfo|Win32.Build.0 = RelWithDebInfo|Win32
		{B6A20A12-A779-306C-BF85-0E17FFC8F8F8}.Debug|Win32.ActiveCfg = Debug|Win32
		{B6A20A12-A779-306C-BF85-0E17FFC8F8F8}.Debug|Win32.Build.0 = Debug|Win32
		{B6A20A12-A779-306C-BF85-0E17FFC8F8F8}.Release|Win32.ActiveCfg = Release|Win32
		{B6A20A12-A779-306C-BF85-0E17FFC8F8F8}.Release|Win32.Build.0 = Release|Win32
		{B6A20A12-A779-306C-BF85-0E17FFC8F8F8}.MinSizeRel|Win32.ActiveCfg = MinSizeRel|Win32
		{B6A20A12-A779-306C-BF85-0E17FFC8F8F8}.MinSizeRel|Win32.Build.0 = MinSizeRel|Win32
		{B6A20A12-A779-306C-BF85-0E17FFC8F8F8}.RelWithDebInfo|Win32.ActiveCfg = RelWithDebInfo|Win32
		{B6A20A12-A779-306C-BF85-0E17FFC8F8F8}.RelWithDebInfo|Win32.Build.0 = RelWithDebInfo|Win32
		{8210DBD4-B6B9-32FD-9E55-03B651D687A3}.Debug|Win32.ActiveCfg = Debug|Win32
		{8210DBD4-B6B9-32FD-9E55-03B651D687A3}.Debug|Win32.Build.0 = Debug|Win32
		{8210DBD4-B6B9-32FD-9E55-03B651D687A3}.Release|Win32.ActiveCfg = Release|Win32
		{8210DBD4-B6B9-32FD-9E55-03B651D687A3}.Release|Win32.Build.0 = Release|Win32
		{8210DBD4-B6B9-32FD-9E55-03B651D687A3}.MinSizeRel|Win32.ActiveCfg = MinSizeRel|Win32
		{8210DBD4-B6B9-32FD-9E55-03B651D687A3}.MinSizeRel|Win32.Build.0 = MinSizeRel|Win32
		{8210DBD4-B6B9-32FD-9E55-03B651D687A3}.RelWithDebInfo|Win32.ActiveCfg = RelWithDebInfo|Win32
		{8210DBD4-B6B9-32FD-9E55-03B651D687A3}.RelWithDebInfo|Win32.Build.0 = RelWithDebInfo|Win32
		{164DF64D-727C-3C1F-BC97-70DA495ADEF6}.Debug|Win32.ActiveCfg = Debug|Win32
		{164DF64D-727C-3C1F-BC97-70DA495ADEF6}.Debug|Win32.Build.0 = Debug|Win32
		{164DF64D-727C-3C1F-BC97-70DA495ADEF6}.Release|Win32.ActiveCfg = Release|Win32
		{164DF64D-727C-3C1F-BC97-70DA495ADEF6}.Release|Win32.Build.0 = Release|Win32
		{164DF64D-727C-3C1F-BC97-70DA495ADEF6}.MinSizeRel|Win32.ActiveCfg = MinSizeRel|Win32
		{164DF64D-727C-3C1F-BC97-70DA495ADEF6}.MinSizeRel|Win32.Build.0 = MinSizeRel|Win32
		{164DF64D-727C-3C1F-BC97-70DA495ADEF6}.RelWithDebInfo|Win32.ActiveCfg = RelWithDebInfo|Win32
		{164DF64D-727C-3C1F-BC97-70DA495ADEF6}.RelWithDebInfo|Win32.Build.0 = RelWithDebInfo|Win32
		{B46F4E9C-61BD-3C64-BED3-FDC7956B0E9D}.Debug|Win32.ActiveCfg = Debug|Win32
		{B46F4E9C-61BD-3C64-BED3-FDC7956B0E9D}.Debug|Win32.Build.0 = Debug|Win32
		{B46F4E9C-61BD-3C64-BED3-FDC7956B0E9D}.Release|Win32.ActiveCfg = Release|Win32
		{B46F4E9C-61BD-3C64-BED3-FDC7956B0E9D}.Release|Win32.Build.0 = Release|Win32
		{B46F4E9C-61BD-3C64-BED3-FDC7956B0E9D}.MinSizeRel|Win32.ActiveCfg = MinSizeRel|Win32
		{B46F4E9C-61BD-3C64-BED3-FDC7956B0E9D}.MinSizeRel|Win32.Build.0 = MinSizeRel|Win32
		{B46F4E9C-61BD-3C64-BED3-FDC7956B0E9D}.RelWithDebInfo|Win32.ActiveCfg = RelWithDebInfo|Win32
		{B46F4E9C-61BD-3C64-BED3-FDC7956B0E9D}.RelWithDebInfo|Win32.Build.0 = RelWithDebInfo|Win32
		{63BE10A2-5D5B-3388-ACBD-27BC33A7905E}.Debug|Win32.ActiveCfg = Debug|Win32
		{63BE10A2-5D5B-3388-ACBD-27BC33A7905E}.Debug|Win32.Build.0 = Debug|Win32
		{63BE10A2-5D5B-3388-ACBD-27BC33A7905E}.Release|Win32.ActiveCfg = Release|Win32
		{63BE10A2-5D5B-3388-ACBD-27BC33A7905E}.Release|Win32.Build.0 = Release|Win32
		{63BE10A2-5D5B-3388-ACBD-27BC33A7905E}.MinSizeRel|Win32.ActiveCfg = MinSizeRel|Win32
		{63BE10A2-5D5B-3388-ACBD-27BC33A7905E}.MinSizeRel|Win32.Build.0 = MinSizeRel|Win32
		{63BE10A2-5D5B-3388-ACBD-27BC33A7905E}.RelWithDebInfo|Win32.ActiveCfg = RelWithDebInfo|Win32
		{63BE10A2-5D5B-3388-ACBD-27BC33A7905E}.RelWithDebInfo|Win32.Build.0 = RelWithDebInfo|Win32
		{BF755BD1-D443-3C1A-8353-23217ACA303E}.Debug|Win32.ActiveCfg = Debug|Win32
		{BF755BD1-D443-3C1A-8353-23217ACA303E}.Debug|Win32.Build.0 = Debug|Win32
		{BF755BD1-D443-3C1A-8353-23217ACA303E}.Release|Win32.ActiveCfg = Release|Win32
		{BF755BD1-D443-3C1A-8353-23217ACA303E}.Release|Win32.Build.0 = Release|Win32
		{BF755BD1-D443-3C1A-8353-23217ACA303E}.MinSizeRel|Win32.ActiveCfg = MinSizeRel|Win32
		{BF755BD1-D443-3C1A-8353-23217ACA303E}.MinSizeRel|Win32.Build.0 = MinSizeRel|Win32
		{BF755BD1-D443-3C1A-8353-23217ACA303E}.RelWithDebInfo|Win32.ActiveCfg = RelWithDebInfo|Win32
		{BF755BD1-D443-3C1A-8353-23217ACA303E}.RelWithDebInfo|Win32.Build.0 = RelWithDebInfo|Win32
		{6ECC998C-F539-3670-8C36-00F501543DB7}.Debug|Win32.ActiveCfg = Debug|Win32
		{6ECC998C-F539-3670-8C36-00F501543DB7}.Debug|Win32.Build.0 = Debug|Win32
		{6ECC998C-F539-3670-8C36-00F501543DB7}.Release|Win32.ActiveCfg = Release|Win32
		{6ECC998C-F539-3670-8C36-00F501543DB7}.Release|Win32.Build.0 = Release|Win32
		{6ECC998C-F539-3670-8C36-00F501543DB7}.MinSizeRel|Win32.ActiveCfg = MinSizeRel|Win32
		{6ECC998C-F539-3670-8C36-00F501543DB7}.MinSizeRel|Win32.Build.0 = MinSizeRel|Win32
		{6ECC998C-F539-3670-8C36-00F501543DB7}.RelWithDebInfo|Win32.ActiveCfg = RelWithDebInfo|Win32
		{6ECC998C-F539-3670-8C36-00F501543DB7}.RelWithDebInfo|Win32.Build.0 = RelWithDebInfo|Win32
	EndGlobalSection
	GlobalSection(ExtensibilityGlobals) = postSolution
		SolutionGuid = {9C11BC20-CE3B-3EA0-8F9D-21EDFDE3586D}
	EndGlobalSection
	GlobalSection(ExtensibilityAddIns) = postSolution
	EndGlobalSection
EndGlobal
