<?xml version="1.0" encoding="utf-8"?>
<Project ToolsVersion="16.0" xmlns="http://schemas.microsoft.com/developer/msbuild/2003">
  <ItemGroup>
    <CustomBuild Include="D:\Workspace\M2\Diamas\.vs_proj\CMakeFiles\86ba27e3652d738971887107791a3c67\generate.stamp.rule">
      <Filter>CMake Rules</Filter>
    </CustomBuild>
  </ItemGroup>
  <ItemGroup>
    <Filter Include="CMake Rules">
      <UniqueIdentifier>{FECCD47B-AFEF-39C6-9DA9-BC2EA353A76C}</UniqueIdentifier>
    </Filter>
  </ItemGroup>
</Project>
