Microsoft Visual Studio Solution File, Format Version 12.00
# Visual Studio 16
Project("{8BC9CEB8-8B4A-11D0-8D11-00A0C91BC942}") = "ALL_BUILD", "ALL_BUILD.vcxproj", "{62528591-78DD-3F13-9CDF-A8D311FC2EBA}"
	ProjectSection(ProjectDependencies) = postProject
		{686D621B-9E7F-3715-B8FB-2B1D57087D64} = {686D621B-9E7F-3715-B8FB-2B1D57087D64}
		{51E139FB-65B5-37C7-8114-BD1A8B3E066B} = {51E139FB-65B5-37C7-8114-BD1A8B3E066B}
		{863B5953-65BA-3907-BC85-10767EBDD9A2} = {863B5953-65BA-3907-BC85-10767EBDD9A2}
		{BF29CC4E-AE59-3D3B-941C-5AD3654F1DF3} = {BF29CC4E-AE59-3D3B-941C-5AD3654F1DF3}
		{B6A20A12-A779-306C-BF85-0E17FFC8F8F8} = {B6A20A12-A779-306C-BF85-0E17FFC8F8F8}
		{8210DBD4-B6B9-32FD-9E55-03B651D687A3} = {8210DBD4-B6B9-32FD-9E55-03B651D687A3}
		{164DF64D-727C-3C1F-BC97-70DA495ADEF6} = {164DF64D-727C-3C1F-BC97-70DA495ADEF6}
		{B46F4E9C-61BD-3C64-BED3-FDC7956B0E9D} = {B46F4E9C-61BD-3C64-BED3-FDC7956B0E9D}
		{63BE10A2-5D5B-3388-ACBD-27BC33A7905E} = {63BE10A2-5D5B-3388-ACBD-27BC33A7905E}
		{BF755BD1-D443-3C1A-8353-23217ACA303E} = {BF755BD1-D443-3C1A-8353-23217ACA303E}
		{6ECC998C-F539-3670-8C36-00F501543DB7} = {6ECC998C-F539-3670-8C36-00F501543DB7}
	EndProjectSection
EndProject
Project("{8BC9CEB8-8B4A-11D0-8D11-00A0C91BC942}") = "NetEngine", "..\utilities\NetEngine\NetEngine.vcxproj", "{E78B70AC-0502-34DC-B613-BDE49EA8919F}"
	ProjectSection(ProjectDependencies) = postProject
		{686D621B-9E7F-3715-B8FB-2B1D57087D64} = {686D621B-9E7F-3715-B8FB-2B1D57087D64}
	EndProjectSection
EndProject
Project("{8BC9CEB8-8B4A-11D0-8D11-00A0C91BC942}") = "ZERO_CHECK", "..\..\\ZERO_CHECK.vcxproj", "{686D621B-9E7F-3715-B8FB-2B1D57087D64}"
	ProjectSection(ProjectDependencies) = postProject
	EndProjectSection
EndProject
Project("{8BC9CEB8-8B4A-11D0-8D11-00A0C91BC942}") = "auth_server", "auth\auth_server.vcxproj", "{51E139FB-65B5-37C7-8114-BD1A8B3E066B}"
	ProjectSection(ProjectDependencies) = postProject
		{E78B70AC-0502-34DC-B613-BDE49EA8919F} = {E78B70AC-0502-34DC-B613-BDE49EA8919F}
		{686D621B-9E7F-3715-B8FB-2B1D57087D64} = {686D621B-9E7F-3715-B8FB-2B1D57087D64}
		{BF755BD1-D443-3C1A-8353-23217ACA303E} = {BF755BD1-D443-3C1A-8353-23217ACA303E}
	EndProjectSection
EndProject
Project("{8BC9CEB8-8B4A-11D0-8D11-00A0C91BC942}") = "cryptlib", "libcrypt\cryptlib.vcxproj", "{863B5953-65BA-3907-BC85-10767EBDD9A2}"
	ProjectSection(ProjectDependencies) = postProject
		{686D621B-9E7F-3715-B8FB-2B1D57087D64} = {686D621B-9E7F-3715-B8FB-2B1D57087D64}
	EndProjectSection
EndProject
Project("{8BC9CEB8-8B4A-11D0-8D11-00A0C91BC942}") = "db_cache", "db\db_cache.vcxproj", "{BF29CC4E-AE59-3D3B-941C-5AD3654F1DF3}"
	ProjectSection(ProjectDependencies) = postProject
		{686D621B-9E7F-3715-B8FB-2B1D57087D64} = {686D621B-9E7F-3715-B8FB-2B1D57087D64}
		{8210DBD4-B6B9-32FD-9E55-03B651D687A3} = {8210DBD4-B6B9-32FD-9E55-03B651D687A3}
		{63BE10A2-5D5B-3388-ACBD-27BC33A7905E} = {63BE10A2-5D5B-3388-ACBD-27BC33A7905E}
		{BF755BD1-D443-3C1A-8353-23217ACA303E} = {BF755BD1-D443-3C1A-8353-23217ACA303E}
	EndProjectSection
EndProject
Project("{8BC9CEB8-8B4A-11D0-8D11-00A0C91BC942}") = "game_server", "game\game_server.vcxproj", "{B6A20A12-A779-306C-BF85-0E17FFC8F8F8}"
	ProjectSection(ProjectDependencies) = postProject
		{686D621B-9E7F-3715-B8FB-2B1D57087D64} = {686D621B-9E7F-3715-B8FB-2B1D57087D64}
		{8210DBD4-B6B9-32FD-9E55-03B651D687A3} = {8210DBD4-B6B9-32FD-9E55-03B651D687A3}
		{164DF64D-727C-3C1F-BC97-70DA495ADEF6} = {164DF64D-727C-3C1F-BC97-70DA495ADEF6}
		{63BE10A2-5D5B-3388-ACBD-27BC33A7905E} = {63BE10A2-5D5B-3388-ACBD-27BC33A7905E}
		{BF755BD1-D443-3C1A-8353-23217ACA303E} = {BF755BD1-D443-3C1A-8353-23217ACA303E}
	EndProjectSection
EndProject
Project("{8BC9CEB8-8B4A-11D0-8D11-00A0C91BC942}") = "gamelib", "libgame\gamelib.vcxproj", "{8210DBD4-B6B9-32FD-9E55-03B651D687A3}"
	ProjectSection(ProjectDependencies) = postProject
		{686D621B-9E7F-3715-B8FB-2B1D57087D64} = {686D621B-9E7F-3715-B8FB-2B1D57087D64}
	EndProjectSection
EndProject
Project("{8BC9CEB8-8B4A-11D0-8D11-00A0C91BC942}") = "lualib", "liblua\lualib.vcxproj", "{164DF64D-727C-3C1F-BC97-70DA495ADEF6}"
	ProjectSection(ProjectDependencies) = postProject
		{686D621B-9E7F-3715-B8FB-2B1D57087D64} = {686D621B-9E7F-3715-B8FB-2B1D57087D64}
	EndProjectSection
EndProject
Project("{8BC9CEB8-8B4A-11D0-8D11-00A0C91BC942}") = "qc", "quest_compiler\qc.vcxproj", "{B46F4E9C-61BD-3C64-BED3-FDC7956B0E9D}"
	ProjectSection(ProjectDependencies) = postProject
		{686D621B-9E7F-3715-B8FB-2B1D57087D64} = {686D621B-9E7F-3715-B8FB-2B1D57087D64}
		{164DF64D-727C-3C1F-BC97-70DA495ADEF6} = {164DF64D-727C-3C1F-BC97-70DA495ADEF6}
	EndProjectSection
EndProject
Project("{8BC9CEB8-8B4A-11D0-8D11-00A0C91BC942}") = "sqllib", "libsql\sqllib.vcxproj", "{63BE10A2-5D5B-3388-ACBD-27BC33A7905E}"
	ProjectSection(ProjectDependencies) = postProject
		{686D621B-9E7F-3715-B8FB-2B1D57087D64} = {686D621B-9E7F-3715-B8FB-2B1D57087D64}
	EndProjectSection
EndProject
Project("{8BC9CEB8-8B4A-11D0-8D11-00A0C91BC942}") = "thecorelib", "libthecore\thecorelib.vcxproj", "{BF755BD1-D443-3C1A-8353-23217ACA303E}"
	ProjectSection(ProjectDependencies) = postProject
		{686D621B-9E7F-3715-B8FB-2B1D57087D64} = {686D621B-9E7F-3715-B8FB-2B1D57087D64}
	EndProjectSection
EndProject
Project("{8BC9CEB8-8B4A-11D0-8D11-00A0C91BC942}") = "vrunner", "vrunner\vrunner.vcxproj", "{6ECC998C-F539-3670-8C36-00F501543DB7}"
	ProjectSection(ProjectDependencies) = postProject
		{686D621B-9E7F-3715-B8FB-2B1D57087D64} = {686D621B-9E7F-3715-B8FB-2B1D57087D64}
	EndProjectSection
EndProject
Global
	GlobalSection(SolutionConfigurationPlatforms) = preSolution
		Debug|Win32 = Debug|Win32
		Release|Win32 = Release|Win32
		MinSizeRel|Win32 = MinSizeRel|Win32
		RelWithDebInfo|Win32 = RelWithDebInfo|Win32
	EndGlobalSection
	GlobalSection(ProjectConfigurationPlatforms) = postSolution
		{62528591-78DD-3F13-9CDF-A8D311FC2EBA}.Debug|Win32.ActiveCfg = Debug|Win32
		{62528591-78DD-3F13-9CDF-A8D311FC2EBA}.Release|Win32.ActiveCfg = Release|Win32
		{62528591-78DD-3F13-9CDF-A8D311FC2EBA}.MinSizeRel|Win32.ActiveCfg = MinSizeRel|Win32
		{62528591-78DD-3F13-9CDF-A8D311FC2EBA}.RelWithDebInfo|Win32.ActiveCfg = RelWithDebInfo|Win32
		{E78B70AC-0502-34DC-B613-BDE49EA8919F}.Debug|Win32.ActiveCfg = Debug|Win32
		{E78B70AC-0502-34DC-B613-BDE49EA8919F}.Debug|Win32.Build.0 = Debug|Win32
		{E78B70AC-0502-34DC-B613-BDE49EA8919F}.Release|Win32.ActiveCfg = Release|Win32
		{E78B70AC-0502-34DC-B613-BDE49EA8919F}.Release|Win32.Build.0 = Release|Win32
		{E78B70AC-0502-34DC-B613-BDE49EA8919F}.MinSizeRel|Win32.ActiveCfg = MinSizeRel|Win32
		{E78B70AC-0502-34DC-B613-BDE49EA8919F}.MinSizeRel|Win32.Build.0 = MinSizeRel|Win32
		{E78B70AC-0502-34DC-B613-BDE49EA8919F}.RelWithDebInfo|Win32.ActiveCfg = RelWithDebInfo|Win32
		{E78B70AC-0502-34DC-B613-BDE49EA8919F}.RelWithDebInfo|Win32.Build.0 = RelWithDebInfo|Win32
		{686D621B-9E7F-3715-B8FB-2B1D57087D64}.Debug|Win32.ActiveCfg = Debug|Win32
		{686D621B-9E7F-3715-B8FB-2B1D57087D64}.Debug|Win32.Build.0 = Debug|Win32
		{686D621B-9E7F-3715-B8FB-2B1D57087D64}.Release|Win32.ActiveCfg = Release|Win32
		{686D621B-9E7F-3715-B8FB-2B1D57087D64}.Release|Win32.Build.0 = Release|Win32
		{686D621B-9E7F-3715-B8FB-2B1D57087D64}.MinSizeRel|Win32.ActiveCfg = MinSizeRel|Win32
		{686D621B-9E7F-3715-B8FB-2B1D57087D64}.MinSizeRel|Win32.Build.0 = MinSizeRel|Win32
		{686D621B-9E7F-3715-B8FB-2B1D57087D64}.RelWithDebInfo|Win32.ActiveCfg = RelWithDebInfo|Win32
		{686D621B-9E7F-3715-B8FB-2B1D57087D64}.RelWithDebInfo|Win32.Build.0 = RelWithDebInfo|Win32
		{51E139FB-65B5-37C7-8114-BD1A8B3E066B}.Debug|Win32.ActiveCfg = Debug|Win32
		{51E139FB-65B5-37C7-8114-BD1A8B3E066B}.Debug|Win32.Build.0 = Debug|Win32
		{51E139FB-65B5-37C7-8114-BD1A8B3E066B}.Release|Win32.ActiveCfg = Release|Win32
		{51E139FB-65B5-37C7-8114-BD1A8B3E066B}.Release|Win32.Build.0 = Release|Win32
		{51E139FB-65B5-37C7-8114-BD1A8B3E066B}.MinSizeRel|Win32.ActiveCfg = MinSizeRel|Win32
		{51E139FB-65B5-37C7-8114-BD1A8B3E066B}.MinSizeRel|Win32.Build.0 = MinSizeRel|Win32
		{51E139FB-65B5-37C7-8114-BD1A8B3E066B}.RelWithDebInfo|Win32.ActiveCfg = RelWithDebInfo|Win32
		{51E139FB-65B5-37C7-8114-BD1A8B3E066B}.RelWithDebInfo|Win32.Build.0 = RelWithDebInfo|Win32
		{863B5953-65BA-3907-BC85-10767EBDD9A2}.Debug|Win32.ActiveCfg = Debug|Win32
		{863B5953-65BA-3907-BC85-10767EBDD9A2}.Debug|Win32.Build.0 = Debug|Win32
		{863B5953-65BA-3907-BC85-10767EBDD9A2}.Release|Win32.ActiveCfg = Release|Win32
		{863B5953-65BA-3907-BC85-10767EBDD9A2}.Release|Win32.Build.0 = Release|Win32
		{863B5953-65BA-3907-BC85-10767EBDD9A2}.MinSizeRel|Win32.ActiveCfg = MinSizeRel|Win32
		{863B5953-65BA-3907-BC85-10767EBDD9A2}.MinSizeRel|Win32.Build.0 = MinSizeRel|Win32
		{863B5953-65BA-3907-BC85-10767EBDD9A2}.RelWithDebInfo|Win32.ActiveCfg = RelWithDebInfo|Win32
		{863B5953-65BA-3907-BC85-10767EBDD9A2}.RelWithDebInfo|Win32.Build.0 = RelWithDebInfo|Win32
		{BF29CC4E-AE59-3D3B-941C-5AD3654F1DF3}.Debug|Win32.ActiveCfg = Debug|Win32
		{BF29CC4E-AE59-3D3B-941C-5AD3654F1DF3}.Debug|Win32.Build.0 = Debug|Win32
		{BF29CC4E-AE59-3D3B-941C-5AD3654F1DF3}.Release|Win32.ActiveCfg = Release|Win32
		{BF29CC4E-AE59-3D3B-941C-5AD3654F1DF3}.Release|Win32.Build.0 = Release|Win32
		{BF29CC4E-AE59-3D3B-941C-5AD3654F1DF3}.MinSizeRel|Win32.ActiveCfg = MinSizeRel|Win32
		{BF29CC4E-AE59-3D3B-941C-5AD3654F1DF3}.MinSizeRel|Win32.Build.0 = MinSizeRel|Win32
		{BF29CC4E-AE59-3D3B-941C-5AD3654F1DF3}.RelWithDebInfo|Win32.ActiveCfg = RelWithDebInfo|Win32
		{BF29CC4E-AE59-3D3B-941C-5AD3654F1DF3}.RelWithDebInfo|Win32.Build.0 = RelWithDebInfo|Win32
		{B6A20A12-A779-306C-BF85-0E17FFC8F8F8}.Debug|Win32.ActiveCfg = Debug|Win32
		{B6A20A12-A779-306C-BF85-0E17FFC8F8F8}.Debug|Win32.Build.0 = Debug|Win32
		{B6A20A12-A779-306C-BF85-0E17FFC8F8F8}.Release|Win32.ActiveCfg = Release|Win32
		{B6A20A12-A779-306C-BF85-0E17FFC8F8F8}.Release|Win32.Build.0 = Release|Win32
		{B6A20A12-A779-306C-BF85-0E17FFC8F8F8}.MinSizeRel|Win32.ActiveCfg = MinSizeRel|Win32
		{B6A20A12-A779-306C-BF85-0E17FFC8F8F8}.MinSizeRel|Win32.Build.0 = MinSizeRel|Win32
		{B6A20A12-A779-306C-BF85-0E17FFC8F8F8}.RelWithDebInfo|Win32.ActiveCfg = RelWithDebInfo|Win32
		{B6A20A12-A779-306C-BF85-0E17FFC8F8F8}.RelWithDebInfo|Win32.Build.0 = RelWithDebInfo|Win32
		{8210DBD4-B6B9-32FD-9E55-03B651D687A3}.Debug|Win32.ActiveCfg = Debug|Win32
		{8210DBD4-B6B9-32FD-9E55-03B651D687A3}.Debug|Win32.Build.0 = Debug|Win32
		{8210DBD4-B6B9-32FD-9E55-03B651D687A3}.Release|Win32.ActiveCfg = Release|Win32
		{8210DBD4-B6B9-32FD-9E55-03B651D687A3}.Release|Win32.Build.0 = Release|Win32
		{8210DBD4-B6B9-32FD-9E55-03B651D687A3}.MinSizeRel|Win32.ActiveCfg = MinSizeRel|Win32
		{8210DBD4-B6B9-32FD-9E55-03B651D687A3}.MinSizeRel|Win32.Build.0 = MinSizeRel|Win32
		{8210DBD4-B6B9-32FD-9E55-03B651D687A3}.RelWithDebInfo|Win32.ActiveCfg = RelWithDebInfo|Win32
		{8210DBD4-B6B9-32FD-9E55-03B651D687A3}.RelWithDebInfo|Win32.Build.0 = RelWithDebInfo|Win32
		{164DF64D-727C-3C1F-BC97-70DA495ADEF6}.Debug|Win32.ActiveCfg = Debug|Win32
		{164DF64D-727C-3C1F-BC97-70DA495ADEF6}.Debug|Win32.Build.0 = Debug|Win32
		{164DF64D-727C-3C1F-BC97-70DA495ADEF6}.Release|Win32.ActiveCfg = Release|Win32
		{164DF64D-727C-3C1F-BC97-70DA495ADEF6}.Release|Win32.Build.0 = Release|Win32
		{164DF64D-727C-3C1F-BC97-70DA495ADEF6}.MinSizeRel|Win32.ActiveCfg = MinSizeRel|Win32
		{164DF64D-727C-3C1F-BC97-70DA495ADEF6}.MinSizeRel|Win32.Build.0 = MinSizeRel|Win32
		{164DF64D-727C-3C1F-BC97-70DA495ADEF6}.RelWithDebInfo|Win32.ActiveCfg = RelWithDebInfo|Win32
		{164DF64D-727C-3C1F-BC97-70DA495ADEF6}.RelWithDebInfo|Win32.Build.0 = RelWithDebInfo|Win32
		{B46F4E9C-61BD-3C64-BED3-FDC7956B0E9D}.Debug|Win32.ActiveCfg = Debug|Win32
		{B46F4E9C-61BD-3C64-BED3-FDC7956B0E9D}.Debug|Win32.Build.0 = Debug|Win32
		{B46F4E9C-61BD-3C64-BED3-FDC7956B0E9D}.Release|Win32.ActiveCfg = Release|Win32
		{B46F4E9C-61BD-3C64-BED3-FDC7956B0E9D}.Release|Win32.Build.0 = Release|Win32
		{B46F4E9C-61BD-3C64-BED3-FDC7956B0E9D}.MinSizeRel|Win32.ActiveCfg = MinSizeRel|Win32
		{B46F4E9C-61BD-3C64-BED3-FDC7956B0E9D}.MinSizeRel|Win32.Build.0 = MinSizeRel|Win32
		{B46F4E9C-61BD-3C64-BED3-FDC7956B0E9D}.RelWithDebInfo|Win32.ActiveCfg = RelWithDebInfo|Win32
		{B46F4E9C-61BD-3C64-BED3-FDC7956B0E9D}.RelWithDebInfo|Win32.Build.0 = RelWithDebInfo|Win32
		{63BE10A2-5D5B-3388-ACBD-27BC33A7905E}.Debug|Win32.ActiveCfg = Debug|Win32
		{63BE10A2-5D5B-3388-ACBD-27BC33A7905E}.Debug|Win32.Build.0 = Debug|Win32
		{63BE10A2-5D5B-3388-ACBD-27BC33A7905E}.Release|Win32.ActiveCfg = Release|Win32
		{63BE10A2-5D5B-3388-ACBD-27BC33A7905E}.Release|Win32.Build.0 = Release|Win32
		{63BE10A2-5D5B-3388-ACBD-27BC33A7905E}.MinSizeRel|Win32.ActiveCfg = MinSizeRel|Win32
		{63BE10A2-5D5B-3388-ACBD-27BC33A7905E}.MinSizeRel|Win32.Build.0 = MinSizeRel|Win32
		{63BE10A2-5D5B-3388-ACBD-27BC33A7905E}.RelWithDebInfo|Win32.ActiveCfg = RelWithDebInfo|Win32
		{63BE10A2-5D5B-3388-ACBD-27BC33A7905E}.RelWithDebInfo|Win32.Build.0 = RelWithDebInfo|Win32
		{BF755BD1-D443-3C1A-8353-23217ACA303E}.Debug|Win32.ActiveCfg = Debug|Win32
		{BF755BD1-D443-3C1A-8353-23217ACA303E}.Debug|Win32.Build.0 = Debug|Win32
		{BF755BD1-D443-3C1A-8353-23217ACA303E}.Release|Win32.ActiveCfg = Release|Win32
		{BF755BD1-D443-3C1A-8353-23217ACA303E}.Release|Win32.Build.0 = Release|Win32
		{BF755BD1-D443-3C1A-8353-23217ACA303E}.MinSizeRel|Win32.ActiveCfg = MinSizeRel|Win32
		{BF755BD1-D443-3C1A-8353-23217ACA303E}.MinSizeRel|Win32.Build.0 = MinSizeRel|Win32
		{BF755BD1-D443-3C1A-8353-23217ACA303E}.RelWithDebInfo|Win32.ActiveCfg = RelWithDebInfo|Win32
		{BF755BD1-D443-3C1A-8353-23217ACA303E}.RelWithDebInfo|Win32.Build.0 = RelWithDebInfo|Win32
		{6ECC998C-F539-3670-8C36-00F501543DB7}.Debug|Win32.ActiveCfg = Debug|Win32
		{6ECC998C-F539-3670-8C36-00F501543DB7}.Debug|Win32.Build.0 = Debug|Win32
		{6ECC998C-F539-3670-8C36-00F501543DB7}.Release|Win32.ActiveCfg = Release|Win32
		{6ECC998C-F539-3670-8C36-00F501543DB7}.Release|Win32.Build.0 = Release|Win32
		{6ECC998C-F539-3670-8C36-00F501543DB7}.MinSizeRel|Win32.ActiveCfg = MinSizeRel|Win32
		{6ECC998C-F539-3670-8C36-00F501543DB7}.MinSizeRel|Win32.Build.0 = MinSizeRel|Win32
		{6ECC998C-F539-3670-8C36-00F501543DB7}.RelWithDebInfo|Win32.ActiveCfg = RelWithDebInfo|Win32
		{6ECC998C-F539-3670-8C36-00F501543DB7}.RelWithDebInfo|Win32.Build.0 = RelWithDebInfo|Win32
	EndGlobalSection
	GlobalSection(ExtensibilityGlobals) = postSolution
		SolutionGuid = {8FE763CB-FD95-3E86-83C1-870F699B8D34}
	EndGlobalSection
	GlobalSection(ExtensibilityAddIns) = postSolution
	EndGlobalSection
EndGlobal
