Microsoft Visual Studio Solution File, Format Version 12.00
# Visual Studio 16
Project("{8BC9CEB8-8B4A-11D0-8D11-00A0C91BC942}") = "ALL_BUILD", "ALL_BUILD.vcxproj", "{62528591-78DD-3F13-9CDF-A8D311FC2EBA}"
	ProjectSection(ProjectDependencies) = postProject
		{9A4FB52A-812D-3A64-B540-CC17B90B74C0} = {9A4FB52A-812D-3A64-B540-CC17B90B74C0}
		{1CA16695-50EC-3793-BF0C-C42FA29D0448} = {1CA16695-50EC-3793-BF0C-C42FA29D0448}
		{D6A69F4A-52DE-331B-8476-7D51FFE94FA8} = {D6A69F4A-52DE-331B-8476-7D51FFE94FA8}
		{AE3ED3E6-2E12-3775-9F0D-AACCAE1C7F75} = {AE3ED3E6-2E12-3775-9F0D-AACCAE1C7F75}
		{F6F94A89-D202-315F-B8C3-64BFCA51172E} = {F6F94A89-D202-315F-B8C3-64BFCA51172E}
		{E78B70AC-0502-34DC-B613-BDE49EA8919F} = {E78B70AC-0502-34DC-B613-BDE49EA8919F}
		{9B8AC507-754E-3AFB-9420-D82A02CBDED1} = {9B8AC507-754E-3AFB-9420-D82A02CBDED1}
		{D76D5F6A-F926-32DC-B0CC-5677BA9EC6FD} = {D76D5F6A-F926-32DC-B0CC-5677BA9EC6FD}
		{686D621B-9E7F-3715-B8FB-2B1D57087D64} = {686D621B-9E7F-3715-B8FB-2B1D57087D64}
		{22D45F50-A7EB-39CE-946C-56267D6E7BD8} = {22D45F50-A7EB-39CE-946C-56267D6E7BD8}
	EndProjectSection
EndProject
Project("{8BC9CEB8-8B4A-11D0-8D11-00A0C91BC942}") = "Archiver", "FileSystem\Archiver\Archiver.vcxproj", "{9A4FB52A-812D-3A64-B540-CC17B90B74C0}"
	ProjectSection(ProjectDependencies) = postProject
		{AE3ED3E6-2E12-3775-9F0D-AACCAE1C7F75} = {AE3ED3E6-2E12-3775-9F0D-AACCAE1C7F75}
		{686D621B-9E7F-3715-B8FB-2B1D57087D64} = {686D621B-9E7F-3715-B8FB-2B1D57087D64}
	EndProjectSection
EndProject
Project("{8BC9CEB8-8B4A-11D0-8D11-00A0C91BC942}") = "DiscordAPITest_Client", "discord-app-test\api-test\client\DiscordAPITest_Client.vcxproj", "{1CA16695-50EC-3793-BF0C-C42FA29D0448}"
	ProjectSection(ProjectDependencies) = postProject
		{686D621B-9E7F-3715-B8FB-2B1D57087D64} = {686D621B-9E7F-3715-B8FB-2B1D57087D64}
		{22D45F50-A7EB-39CE-946C-56267D6E7BD8} = {22D45F50-A7EB-39CE-946C-56267D6E7BD8}
	EndProjectSection
EndProject
Project("{8BC9CEB8-8B4A-11D0-8D11-00A0C91BC942}") = "DiscordAPITest_Server", "discord-app-test\api-test\server\DiscordAPITest_Server.vcxproj", "{D6A69F4A-52DE-331B-8476-7D51FFE94FA8}"
	ProjectSection(ProjectDependencies) = postProject
		{686D621B-9E7F-3715-B8FB-2B1D57087D64} = {686D621B-9E7F-3715-B8FB-2B1D57087D64}
		{22D45F50-A7EB-39CE-946C-56267D6E7BD8} = {22D45F50-A7EB-39CE-946C-56267D6E7BD8}
	EndProjectSection
EndProject
Project("{8BC9CEB8-8B4A-11D0-8D11-00A0C91BC942}") = "FSLib", "FileSystem\FSLib\FSLib.vcxproj", "{AE3ED3E6-2E12-3775-9F0D-AACCAE1C7F75}"
	ProjectSection(ProjectDependencies) = postProject
		{686D621B-9E7F-3715-B8FB-2B1D57087D64} = {686D621B-9E7F-3715-B8FB-2B1D57087D64}
	EndProjectSection
EndProject
Project("{8BC9CEB8-8B4A-11D0-8D11-00A0C91BC942}") = "FSTest", "FileSystem\FSTest\FSTest.vcxproj", "{F6F94A89-D202-315F-B8C3-64BFCA51172E}"
	ProjectSection(ProjectDependencies) = postProject
		{AE3ED3E6-2E12-3775-9F0D-AACCAE1C7F75} = {AE3ED3E6-2E12-3775-9F0D-AACCAE1C7F75}
		{686D621B-9E7F-3715-B8FB-2B1D57087D64} = {686D621B-9E7F-3715-B8FB-2B1D57087D64}
	EndProjectSection
EndProject
Project("{8BC9CEB8-8B4A-11D0-8D11-00A0C91BC942}") = "NetEngine", "NetEngine\NetEngine.vcxproj", "{E78B70AC-0502-34DC-B613-BDE49EA8919F}"
	ProjectSection(ProjectDependencies) = postProject
		{686D621B-9E7F-3715-B8FB-2B1D57087D64} = {686D621B-9E7F-3715-B8FB-2B1D57087D64}
	EndProjectSection
EndProject
Project("{8BC9CEB8-8B4A-11D0-8D11-00A0C91BC942}") = "NetEngine_Test", "NetEngine\NetEngine_Test.vcxproj", "{9B8AC507-754E-3AFB-9420-D82A02CBDED1}"
	ProjectSection(ProjectDependencies) = postProject
		{E78B70AC-0502-34DC-B613-BDE49EA8919F} = {E78B70AC-0502-34DC-B613-BDE49EA8919F}
		{686D621B-9E7F-3715-B8FB-2B1D57087D64} = {686D621B-9E7F-3715-B8FB-2B1D57087D64}
	EndProjectSection
EndProject
Project("{8BC9CEB8-8B4A-11D0-8D11-00A0C91BC942}") = "PropertyGenerator", "FileSystem\PropertyGenerator\PropertyGenerator.vcxproj", "{D76D5F6A-F926-32DC-B0CC-5677BA9EC6FD}"
	ProjectSection(ProjectDependencies) = postProject
		{AE3ED3E6-2E12-3775-9F0D-AACCAE1C7F75} = {AE3ED3E6-2E12-3775-9F0D-AACCAE1C7F75}
		{686D621B-9E7F-3715-B8FB-2B1D57087D64} = {686D621B-9E7F-3715-B8FB-2B1D57087D64}
	EndProjectSection
EndProject
Project("{8BC9CEB8-8B4A-11D0-8D11-00A0C91BC942}") = "ZERO_CHECK", "..\..\\ZERO_CHECK.vcxproj", "{686D621B-9E7F-3715-B8FB-2B1D57087D64}"
	ProjectSection(ProjectDependencies) = postProject
	EndProjectSection
EndProject
Project("{8BC9CEB8-8B4A-11D0-8D11-00A0C91BC942}") = "discord_sdk", "discord-sdk\discord_sdk.vcxproj", "{22D45F50-A7EB-39CE-946C-56267D6E7BD8}"
	ProjectSection(ProjectDependencies) = postProject
		{686D621B-9E7F-3715-B8FB-2B1D57087D64} = {686D621B-9E7F-3715-B8FB-2B1D57087D64}
	EndProjectSection
EndProject
Global
	GlobalSection(SolutionConfigurationPlatforms) = preSolution
		Debug|Win32 = Debug|Win32
		Release|Win32 = Release|Win32
		MinSizeRel|Win32 = MinSizeRel|Win32
		RelWithDebInfo|Win32 = RelWithDebInfo|Win32
	EndGlobalSection
	GlobalSection(ProjectConfigurationPlatforms) = postSolution
		{62528591-78DD-3F13-9CDF-A8D311FC2EBA}.Debug|Win32.ActiveCfg = Debug|Win32
		{62528591-78DD-3F13-9CDF-A8D311FC2EBA}.Release|Win32.ActiveCfg = Release|Win32
		{62528591-78DD-3F13-9CDF-A8D311FC2EBA}.MinSizeRel|Win32.ActiveCfg = MinSizeRel|Win32
		{62528591-78DD-3F13-9CDF-A8D311FC2EBA}.RelWithDebInfo|Win32.ActiveCfg = RelWithDebInfo|Win32
		{9A4FB52A-812D-3A64-B540-CC17B90B74C0}.Debug|Win32.ActiveCfg = Debug|Win32
		{9A4FB52A-812D-3A64-B540-CC17B90B74C0}.Debug|Win32.Build.0 = Debug|Win32
		{9A4FB52A-812D-3A64-B540-CC17B90B74C0}.Release|Win32.ActiveCfg = Release|Win32
		{9A4FB52A-812D-3A64-B540-CC17B90B74C0}.Release|Win32.Build.0 = Release|Win32
		{9A4FB52A-812D-3A64-B540-CC17B90B74C0}.MinSizeRel|Win32.ActiveCfg = MinSizeRel|Win32
		{9A4FB52A-812D-3A64-B540-CC17B90B74C0}.MinSizeRel|Win32.Build.0 = MinSizeRel|Win32
		{9A4FB52A-812D-3A64-B540-CC17B90B74C0}.RelWithDebInfo|Win32.ActiveCfg = RelWithDebInfo|Win32
		{9A4FB52A-812D-3A64-B540-CC17B90B74C0}.RelWithDebInfo|Win32.Build.0 = RelWithDebInfo|Win32
		{1CA16695-50EC-3793-BF0C-C42FA29D0448}.Debug|Win32.ActiveCfg = Debug|Win32
		{1CA16695-50EC-3793-BF0C-C42FA29D0448}.Debug|Win32.Build.0 = Debug|Win32
		{1CA16695-50EC-3793-BF0C-C42FA29D0448}.Release|Win32.ActiveCfg = Release|Win32
		{1CA16695-50EC-3793-BF0C-C42FA29D0448}.Release|Win32.Build.0 = Release|Win32
		{1CA16695-50EC-3793-BF0C-C42FA29D0448}.MinSizeRel|Win32.ActiveCfg = MinSizeRel|Win32
		{1CA16695-50EC-3793-BF0C-C42FA29D0448}.MinSizeRel|Win32.Build.0 = MinSizeRel|Win32
		{1CA16695-50EC-3793-BF0C-C42FA29D0448}.RelWithDebInfo|Win32.ActiveCfg = RelWithDebInfo|Win32
		{1CA16695-50EC-3793-BF0C-C42FA29D0448}.RelWithDebInfo|Win32.Build.0 = RelWithDebInfo|Win32
		{D6A69F4A-52DE-331B-8476-7D51FFE94FA8}.Debug|Win32.ActiveCfg = Debug|Win32
		{D6A69F4A-52DE-331B-8476-7D51FFE94FA8}.Debug|Win32.Build.0 = Debug|Win32
		{D6A69F4A-52DE-331B-8476-7D51FFE94FA8}.Release|Win32.ActiveCfg = Release|Win32
		{D6A69F4A-52DE-331B-8476-7D51FFE94FA8}.Release|Win32.Build.0 = Release|Win32
		{D6A69F4A-52DE-331B-8476-7D51FFE94FA8}.MinSizeRel|Win32.ActiveCfg = MinSizeRel|Win32
		{D6A69F4A-52DE-331B-8476-7D51FFE94FA8}.MinSizeRel|Win32.Build.0 = MinSizeRel|Win32
		{D6A69F4A-52DE-331B-8476-7D51FFE94FA8}.RelWithDebInfo|Win32.ActiveCfg = RelWithDebInfo|Win32
		{D6A69F4A-52DE-331B-8476-7D51FFE94FA8}.RelWithDebInfo|Win32.Build.0 = RelWithDebInfo|Win32
		{AE3ED3E6-2E12-3775-9F0D-AACCAE1C7F75}.Debug|Win32.ActiveCfg = Debug|Win32
		{AE3ED3E6-2E12-3775-9F0D-AACCAE1C7F75}.Debug|Win32.Build.0 = Debug|Win32
		{AE3ED3E6-2E12-3775-9F0D-AACCAE1C7F75}.Release|Win32.ActiveCfg = Release|Win32
		{AE3ED3E6-2E12-3775-9F0D-AACCAE1C7F75}.Release|Win32.Build.0 = Release|Win32
		{AE3ED3E6-2E12-3775-9F0D-AACCAE1C7F75}.MinSizeRel|Win32.ActiveCfg = MinSizeRel|Win32
		{AE3ED3E6-2E12-3775-9F0D-AACCAE1C7F75}.MinSizeRel|Win32.Build.0 = MinSizeRel|Win32
		{AE3ED3E6-2E12-3775-9F0D-AACCAE1C7F75}.RelWithDebInfo|Win32.ActiveCfg = RelWithDebInfo|Win32
		{AE3ED3E6-2E12-3775-9F0D-AACCAE1C7F75}.RelWithDebInfo|Win32.Build.0 = RelWithDebInfo|Win32
		{F6F94A89-D202-315F-B8C3-64BFCA51172E}.Debug|Win32.ActiveCfg = Debug|Win32
		{F6F94A89-D202-315F-B8C3-64BFCA51172E}.Debug|Win32.Build.0 = Debug|Win32
		{F6F94A89-D202-315F-B8C3-64BFCA51172E}.Release|Win32.ActiveCfg = Release|Win32
		{F6F94A89-D202-315F-B8C3-64BFCA51172E}.Release|Win32.Build.0 = Release|Win32
		{F6F94A89-D202-315F-B8C3-64BFCA51172E}.MinSizeRel|Win32.ActiveCfg = MinSizeRel|Win32
		{F6F94A89-D202-315F-B8C3-64BFCA51172E}.MinSizeRel|Win32.Build.0 = MinSizeRel|Win32
		{F6F94A89-D202-315F-B8C3-64BFCA51172E}.RelWithDebInfo|Win32.ActiveCfg = RelWithDebInfo|Win32
		{F6F94A89-D202-315F-B8C3-64BFCA51172E}.RelWithDebInfo|Win32.Build.0 = RelWithDebInfo|Win32
		{E78B70AC-0502-34DC-B613-BDE49EA8919F}.Debug|Win32.ActiveCfg = Debug|Win32
		{E78B70AC-0502-34DC-B613-BDE49EA8919F}.Debug|Win32.Build.0 = Debug|Win32
		{E78B70AC-0502-34DC-B613-BDE49EA8919F}.Release|Win32.ActiveCfg = Release|Win32
		{E78B70AC-0502-34DC-B613-BDE49EA8919F}.Release|Win32.Build.0 = Release|Win32
		{E78B70AC-0502-34DC-B613-BDE49EA8919F}.MinSizeRel|Win32.ActiveCfg = MinSizeRel|Win32
		{E78B70AC-0502-34DC-B613-BDE49EA8919F}.MinSizeRel|Win32.Build.0 = MinSizeRel|Win32
		{E78B70AC-0502-34DC-B613-BDE49EA8919F}.RelWithDebInfo|Win32.ActiveCfg = RelWithDebInfo|Win32
		{E78B70AC-0502-34DC-B613-BDE49EA8919F}.RelWithDebInfo|Win32.Build.0 = RelWithDebInfo|Win32
		{9B8AC507-754E-3AFB-9420-D82A02CBDED1}.Debug|Win32.ActiveCfg = Debug|Win32
		{9B8AC507-754E-3AFB-9420-D82A02CBDED1}.Debug|Win32.Build.0 = Debug|Win32
		{9B8AC507-754E-3AFB-9420-D82A02CBDED1}.Release|Win32.ActiveCfg = Release|Win32
		{9B8AC507-754E-3AFB-9420-D82A02CBDED1}.Release|Win32.Build.0 = Release|Win32
		{9B8AC507-754E-3AFB-9420-D82A02CBDED1}.MinSizeRel|Win32.ActiveCfg = MinSizeRel|Win32
		{9B8AC507-754E-3AFB-9420-D82A02CBDED1}.MinSizeRel|Win32.Build.0 = MinSizeRel|Win32
		{9B8AC507-754E-3AFB-9420-D82A02CBDED1}.RelWithDebInfo|Win32.ActiveCfg = RelWithDebInfo|Win32
		{9B8AC507-754E-3AFB-9420-D82A02CBDED1}.RelWithDebInfo|Win32.Build.0 = RelWithDebInfo|Win32
		{D76D5F6A-F926-32DC-B0CC-5677BA9EC6FD}.Debug|Win32.ActiveCfg = Debug|Win32
		{D76D5F6A-F926-32DC-B0CC-5677BA9EC6FD}.Debug|Win32.Build.0 = Debug|Win32
		{D76D5F6A-F926-32DC-B0CC-5677BA9EC6FD}.Release|Win32.ActiveCfg = Release|Win32
		{D76D5F6A-F926-32DC-B0CC-5677BA9EC6FD}.Release|Win32.Build.0 = Release|Win32
		{D76D5F6A-F926-32DC-B0CC-5677BA9EC6FD}.MinSizeRel|Win32.ActiveCfg = MinSizeRel|Win32
		{D76D5F6A-F926-32DC-B0CC-5677BA9EC6FD}.MinSizeRel|Win32.Build.0 = MinSizeRel|Win32
		{D76D5F6A-F926-32DC-B0CC-5677BA9EC6FD}.RelWithDebInfo|Win32.ActiveCfg = RelWithDebInfo|Win32
		{D76D5F6A-F926-32DC-B0CC-5677BA9EC6FD}.RelWithDebInfo|Win32.Build.0 = RelWithDebInfo|Win32
		{686D621B-9E7F-3715-B8FB-2B1D57087D64}.Debug|Win32.ActiveCfg = Debug|Win32
		{686D621B-9E7F-3715-B8FB-2B1D57087D64}.Debug|Win32.Build.0 = Debug|Win32
		{686D621B-9E7F-3715-B8FB-2B1D57087D64}.Release|Win32.ActiveCfg = Release|Win32
		{686D621B-9E7F-3715-B8FB-2B1D57087D64}.Release|Win32.Build.0 = Release|Win32
		{686D621B-9E7F-3715-B8FB-2B1D57087D64}.MinSizeRel|Win32.ActiveCfg = MinSizeRel|Win32
		{686D621B-9E7F-3715-B8FB-2B1D57087D64}.MinSizeRel|Win32.Build.0 = MinSizeRel|Win32
		{686D621B-9E7F-3715-B8FB-2B1D57087D64}.RelWithDebInfo|Win32.ActiveCfg = RelWithDebInfo|Win32
		{686D621B-9E7F-3715-B8FB-2B1D57087D64}.RelWithDebInfo|Win32.Build.0 = RelWithDebInfo|Win32
		{22D45F50-A7EB-39CE-946C-56267D6E7BD8}.Debug|Win32.ActiveCfg = Debug|Win32
		{22D45F50-A7EB-39CE-946C-56267D6E7BD8}.Debug|Win32.Build.0 = Debug|Win32
		{22D45F50-A7EB-39CE-946C-56267D6E7BD8}.Release|Win32.ActiveCfg = Release|Win32
		{22D45F50-A7EB-39CE-946C-56267D6E7BD8}.Release|Win32.Build.0 = Release|Win32
		{22D45F50-A7EB-39CE-946C-56267D6E7BD8}.MinSizeRel|Win32.ActiveCfg = MinSizeRel|Win32
		{22D45F50-A7EB-39CE-946C-56267D6E7BD8}.MinSizeRel|Win32.Build.0 = MinSizeRel|Win32
		{22D45F50-A7EB-39CE-946C-56267D6E7BD8}.RelWithDebInfo|Win32.ActiveCfg = RelWithDebInfo|Win32
		{22D45F50-A7EB-39CE-946C-56267D6E7BD8}.RelWithDebInfo|Win32.Build.0 = RelWithDebInfo|Win32
	EndGlobalSection
	GlobalSection(ExtensibilityGlobals) = postSolution
		SolutionGuid = {A0A7B2A9-5707-35F9-B849-7C10E50CEE11}
	EndGlobalSection
	GlobalSection(ExtensibilityAddIns) = postSolution
	EndGlobalSection
EndGlobal
