<?xml version="1.0" encoding="utf-8"?>
<Project ToolsVersion="16.0" xmlns="http://schemas.microsoft.com/developer/msbuild/2003">
  <ItemGroup>
    <ClCompile Include="D:\Workspace\M2\Diamas\source\client\eterLib\AttributeData.cpp">
      <Filter>Source Files</Filter>
    </ClCompile>
    <ClCompile Include="D:\Workspace\M2\Diamas\source\client\eterLib\AttributeInstance.cpp">
      <Filter>Source Files</Filter>
    </ClCompile>
    <ClCompile Include="D:\Workspace\M2\Diamas\source\client\eterLib\BlockTexture.cpp">
      <Filter>Source Files</Filter>
    </ClCompile>
    <ClCompile Include="D:\Workspace\M2\Diamas\source\client\eterLib\Camera.cpp">
      <Filter>Source Files</Filter>
    </ClCompile>
    <ClCompile Include="D:\Workspace\M2\Diamas\source\client\eterLib\CollisionData.cpp">
      <Filter>Source Files</Filter>
    </ClCompile>
    <ClCompile Include="D:\Workspace\M2\Diamas\source\client\eterLib\ColorTransitionHelper.cpp">
      <Filter>Source Files</Filter>
    </ClCompile>
    <ClCompile Include="D:\Workspace\M2\Diamas\source\client\eterLib\CullingManager.cpp">
      <Filter>Source Files</Filter>
    </ClCompile>
    <ClCompile Include="D:\Workspace\M2\Diamas\source\client\eterLib\Decal.cpp">
      <Filter>Source Files</Filter>
    </ClCompile>
    <ClCompile Include="D:\Workspace\M2\Diamas\source\client\eterLib\DibBar.cpp">
      <Filter>Source Files</Filter>
    </ClCompile>
    <ClCompile Include="D:\Workspace\M2\Diamas\source\client\eterLib\EnvironmentMap.cpp">
      <Filter>Source Files</Filter>
    </ClCompile>
    <ClCompile Include="D:\Workspace\M2\Diamas\source\client\eterLib\FileLoaderThread.cpp">
      <Filter>Source Files</Filter>
    </ClCompile>
    <ClCompile Include="D:\Workspace\M2\Diamas\source\client\eterLib\GrpBase.cpp">
      <Filter>Source Files</Filter>
    </ClCompile>
    <ClCompile Include="D:\Workspace\M2\Diamas\source\client\eterLib\GrpCollisionObject.cpp">
      <Filter>Source Files</Filter>
    </ClCompile>
    <ClCompile Include="D:\Workspace\M2\Diamas\source\client\eterLib\GrpColor.cpp">
      <Filter>Source Files</Filter>
    </ClCompile>
    <ClCompile Include="D:\Workspace\M2\Diamas\source\client\eterLib\GrpColorInstance.cpp">
      <Filter>Source Files</Filter>
    </ClCompile>
    <ClCompile Include="D:\Workspace\M2\Diamas\source\client\eterLib\GrpD3DXBuffer.cpp">
      <Filter>Source Files</Filter>
    </ClCompile>
    <ClCompile Include="D:\Workspace\M2\Diamas\source\client\eterLib\GrpDIB.cpp">
      <Filter>Source Files</Filter>
    </ClCompile>
    <ClCompile Include="D:\Workspace\M2\Diamas\source\client\eterLib\GrpDetector.cpp">
      <Filter>Source Files</Filter>
    </ClCompile>
    <ClCompile Include="D:\Workspace\M2\Diamas\source\client\eterLib\GrpDevice.cpp">
      <Filter>Source Files</Filter>
    </ClCompile>
    <ClCompile Include="D:\Workspace\M2\Diamas\source\client\eterLib\GrpDummyFrameBuffer.cpp">
      <Filter>Source Files</Filter>
    </ClCompile>
    <ClCompile Include="D:\Workspace\M2\Diamas\source\client\eterLib\GrpExpandedImageInstance.cpp">
      <Filter>Source Files</Filter>
    </ClCompile>
    <ClCompile Include="D:\Workspace\M2\Diamas\source\client\eterLib\GrpFontTexture.cpp">
      <Filter>Source Files</Filter>
    </ClCompile>
    <ClCompile Include="D:\Workspace\M2\Diamas\source\client\eterLib\GrpImage.cpp">
      <Filter>Source Files</Filter>
    </ClCompile>
    <ClCompile Include="D:\Workspace\M2\Diamas\source\client\eterLib\GrpImageInstance.cpp">
      <Filter>Source Files</Filter>
    </ClCompile>
    <ClCompile Include="D:\Workspace\M2\Diamas\source\client\eterLib\GrpImageTexture.cpp">
      <Filter>Source Files</Filter>
    </ClCompile>
    <ClCompile Include="D:\Workspace\M2\Diamas\source\client\eterLib\GrpIndexBuffer.cpp">
      <Filter>Source Files</Filter>
    </ClCompile>
    <ClCompile Include="D:\Workspace\M2\Diamas\source\client\eterLib\GrpLightManager.cpp">
      <Filter>Source Files</Filter>
    </ClCompile>
    <ClCompile Include="D:\Workspace\M2\Diamas\source\client\eterLib\GrpMarkInstance.cpp">
      <Filter>Source Files</Filter>
    </ClCompile>
    <ClCompile Include="D:\Workspace\M2\Diamas\source\client\eterLib\GrpMath.cpp">
      <Filter>Source Files</Filter>
    </ClCompile>
    <ClCompile Include="D:\Workspace\M2\Diamas\source\client\eterLib\GrpObjectInstance.cpp">
      <Filter>Source Files</Filter>
    </ClCompile>
    <ClCompile Include="D:\Workspace\M2\Diamas\source\client\eterLib\GrpRatioInstance.cpp">
      <Filter>Source Files</Filter>
    </ClCompile>
    <ClCompile Include="D:\Workspace\M2\Diamas\source\client\eterLib\GrpRenderTargetTexture.cpp">
      <Filter>Source Files</Filter>
    </ClCompile>
    <ClCompile Include="D:\Workspace\M2\Diamas\source\client\eterLib\GrpScreen.cpp">
      <Filter>Source Files</Filter>
    </ClCompile>
    <ClCompile Include="D:\Workspace\M2\Diamas\source\client\eterLib\GrpSubImage.cpp">
      <Filter>Source Files</Filter>
    </ClCompile>
    <ClCompile Include="D:\Workspace\M2\Diamas\source\client\eterLib\GrpText.cpp">
      <Filter>Source Files</Filter>
    </ClCompile>
    <ClCompile Include="D:\Workspace\M2\Diamas\source\client\eterLib\GrpTextInstance.cpp">
      <Filter>Source Files</Filter>
    </ClCompile>
    <ClCompile Include="D:\Workspace\M2\Diamas\source\client\eterLib\GrpTexture.cpp">
      <Filter>Source Files</Filter>
    </ClCompile>
    <ClCompile Include="D:\Workspace\M2\Diamas\source\client\eterLib\GrpVertexBuffer.cpp">
      <Filter>Source Files</Filter>
    </ClCompile>
    <ClCompile Include="D:\Workspace\M2\Diamas\source\client\eterLib\IME.cpp">
      <Filter>Source Files</Filter>
    </ClCompile>
    <ClCompile Include="D:\Workspace\M2\Diamas\source\client\eterLib\Input.cpp">
      <Filter>Source Files</Filter>
    </ClCompile>
    <ClCompile Include="D:\Workspace\M2\Diamas\source\client\eterLib\LensFlare.cpp">
      <Filter>Source Files</Filter>
    </ClCompile>
    <ClCompile Include="D:\Workspace\M2\Diamas\source\client\eterLib\MSApplication.cpp">
      <Filter>Source Files</Filter>
    </ClCompile>
    <ClCompile Include="D:\Workspace\M2\Diamas\source\client\eterLib\MSWindow.cpp">
      <Filter>Source Files</Filter>
    </ClCompile>
    <ClCompile Include="D:\Workspace\M2\Diamas\source\client\eterLib\Mutex.cpp">
      <Filter>Source Files</Filter>
    </ClCompile>
    <ClCompile Include="D:\Workspace\M2\Diamas\source\client\eterLib\NetAddress.cpp">
      <Filter>Source Files</Filter>
    </ClCompile>
    <ClCompile Include="D:\Workspace\M2\Diamas\source\client\eterLib\NetDevice.cpp">
      <Filter>Source Files</Filter>
    </ClCompile>
    <ClCompile Include="D:\Workspace\M2\Diamas\source\client\eterLib\NetPacketHeaderMap.cpp">
      <Filter>Source Files</Filter>
    </ClCompile>
    <ClCompile Include="D:\Workspace\M2\Diamas\source\client\eterLib\NetStream.cpp">
      <Filter>Source Files</Filter>
    </ClCompile>
    <ClCompile Include="D:\Workspace\M2\Diamas\source\client\eterLib\PathStack.cpp">
      <Filter>Source Files</Filter>
    </ClCompile>
    <ClCompile Include="D:\Workspace\M2\Diamas\source\client\eterLib\ReferenceObject.cpp">
      <Filter>Source Files</Filter>
    </ClCompile>
    <ClCompile Include="D:\Workspace\M2\Diamas\source\client\eterLib\RenderTargetManager.cpp">
      <Filter>Source Files</Filter>
    </ClCompile>
    <ClCompile Include="D:\Workspace\M2\Diamas\source\client\eterLib\Resource.cpp">
      <Filter>Source Files</Filter>
    </ClCompile>
    <ClCompile Include="D:\Workspace\M2\Diamas\source\client\eterLib\ResourceManager.cpp">
      <Filter>Source Files</Filter>
    </ClCompile>
    <ClCompile Include="D:\Workspace\M2\Diamas\source\client\eterLib\ScreenFilter.cpp">
      <Filter>Source Files</Filter>
    </ClCompile>
    <ClCompile Include="D:\Workspace\M2\Diamas\source\client\eterLib\SkyBox.cpp">
      <Filter>Source Files</Filter>
    </ClCompile>
    <ClCompile Include="D:\Workspace\M2\Diamas\source\client\eterLib\StateManager.cpp">
      <Filter>Source Files</Filter>
    </ClCompile>
    <ClCompile Include="D:\Workspace\M2\Diamas\source\client\eterLib\StdAfx.cpp">
      <Filter>Source Files</Filter>
    </ClCompile>
    <ClCompile Include="D:\Workspace\M2\Diamas\source\client\eterLib\TargaResource.cpp">
      <Filter>Source Files</Filter>
    </ClCompile>
    <ClCompile Include="D:\Workspace\M2\Diamas\source\client\eterLib\TextBar.cpp">
      <Filter>Source Files</Filter>
    </ClCompile>
    <ClCompile Include="D:\Workspace\M2\Diamas\source\client\eterLib\TextFileLoader.cpp">
      <Filter>Source Files</Filter>
    </ClCompile>
    <ClCompile Include="D:\Workspace\M2\Diamas\source\client\eterLib\TextTag.cpp">
      <Filter>Source Files</Filter>
    </ClCompile>
    <ClCompile Include="D:\Workspace\M2\Diamas\source\client\eterLib\Thread.cpp">
      <Filter>Source Files</Filter>
    </ClCompile>
    <ClCompile Include="D:\Workspace\M2\Diamas\source\client\eterLib\Util.cpp">
      <Filter>Source Files</Filter>
    </ClCompile>
    <ClCompile Include="D:\Workspace\M2\Diamas\source\client\eterLib\lineintersect_utils.cpp">
      <Filter>Source Files</Filter>
    </ClCompile>
    <ClCompile Include="D:\Workspace\M2\Diamas\source\client\eterLib\parser.cpp">
      <Filter>Source Files</Filter>
    </ClCompile>
  </ItemGroup>
  <ItemGroup>
    <ClInclude Include="D:\Workspace\M2\Diamas\source\client\eterLib\AttributeData.h">
      <Filter>Header Files</Filter>
    </ClInclude>
    <ClInclude Include="D:\Workspace\M2\Diamas\source\client\eterLib\AttributeInstance.h">
      <Filter>Header Files</Filter>
    </ClInclude>
    <ClInclude Include="D:\Workspace\M2\Diamas\source\client\eterLib\BlockTexture.h">
      <Filter>Header Files</Filter>
    </ClInclude>
    <ClInclude Include="D:\Workspace\M2\Diamas\source\client\eterLib\Camera.h">
      <Filter>Header Files</Filter>
    </ClInclude>
    <ClInclude Include="D:\Workspace\M2\Diamas\source\client\eterLib\CollisionData.h">
      <Filter>Header Files</Filter>
    </ClInclude>
    <ClInclude Include="D:\Workspace\M2\Diamas\source\client\eterLib\ColorTransitionHelper.h">
      <Filter>Header Files</Filter>
    </ClInclude>
    <ClInclude Include="D:\Workspace\M2\Diamas\source\client\eterLib\CullingManager.h">
      <Filter>Header Files</Filter>
    </ClInclude>
    <ClInclude Include="D:\Workspace\M2\Diamas\source\client\eterLib\Decal.h">
      <Filter>Header Files</Filter>
    </ClInclude>
    <ClInclude Include="D:\Workspace\M2\Diamas\source\client\eterLib\DibBar.h">
      <Filter>Header Files</Filter>
    </ClInclude>
    <ClInclude Include="D:\Workspace\M2\Diamas\source\client\eterLib\Dimm.h">
      <Filter>Header Files</Filter>
    </ClInclude>
    <ClInclude Include="D:\Workspace\M2\Diamas\source\client\eterLib\Dynamic.h">
      <Filter>Header Files</Filter>
    </ClInclude>
    <ClInclude Include="D:\Workspace\M2\Diamas\source\client\eterLib\EnvironmentMap.h">
      <Filter>Header Files</Filter>
    </ClInclude>
    <ClInclude Include="D:\Workspace\M2\Diamas\source\client\eterLib\Event.h">
      <Filter>Header Files</Filter>
    </ClInclude>
    <ClInclude Include="D:\Workspace\M2\Diamas\source\client\eterLib\FileLoaderThread.h">
      <Filter>Header Files</Filter>
    </ClInclude>
    <ClInclude Include="D:\Workspace\M2\Diamas\source\client\eterLib\FuncObject.h">
      <Filter>Header Files</Filter>
    </ClInclude>
    <ClInclude Include="D:\Workspace\M2\Diamas\source\client\eterLib\GrpBase.h">
      <Filter>Header Files</Filter>
    </ClInclude>
    <ClInclude Include="D:\Workspace\M2\Diamas\source\client\eterLib\GrpCollisionObject.h">
      <Filter>Header Files</Filter>
    </ClInclude>
    <ClInclude Include="D:\Workspace\M2\Diamas\source\client\eterLib\GrpColor.h">
      <Filter>Header Files</Filter>
    </ClInclude>
    <ClInclude Include="D:\Workspace\M2\Diamas\source\client\eterLib\GrpColorInstance.h">
      <Filter>Header Files</Filter>
    </ClInclude>
    <ClInclude Include="D:\Workspace\M2\Diamas\source\client\eterLib\GrpD3DXBuffer.h">
      <Filter>Header Files</Filter>
    </ClInclude>
    <ClInclude Include="D:\Workspace\M2\Diamas\source\client\eterLib\GrpDIB.h">
      <Filter>Header Files</Filter>
    </ClInclude>
    <ClInclude Include="D:\Workspace\M2\Diamas\source\client\eterLib\GrpDetector.h">
      <Filter>Header Files</Filter>
    </ClInclude>
    <ClInclude Include="D:\Workspace\M2\Diamas\source\client\eterLib\GrpDevice.h">
      <Filter>Header Files</Filter>
    </ClInclude>
    <ClInclude Include="D:\Workspace\M2\Diamas\source\client\eterLib\GrpDummyFrameBuffer.h">
      <Filter>Header Files</Filter>
    </ClInclude>
    <ClInclude Include="D:\Workspace\M2\Diamas\source\client\eterLib\GrpExpandedImageInstance.h">
      <Filter>Header Files</Filter>
    </ClInclude>
    <ClInclude Include="D:\Workspace\M2\Diamas\source\client\eterLib\GrpFontTexture.h">
      <Filter>Header Files</Filter>
    </ClInclude>
    <ClInclude Include="D:\Workspace\M2\Diamas\source\client\eterLib\GrpImage.h">
      <Filter>Header Files</Filter>
    </ClInclude>
    <ClInclude Include="D:\Workspace\M2\Diamas\source\client\eterLib\GrpImageInstance.h">
      <Filter>Header Files</Filter>
    </ClInclude>
    <ClInclude Include="D:\Workspace\M2\Diamas\source\client\eterLib\GrpImageTexture.h">
      <Filter>Header Files</Filter>
    </ClInclude>
    <ClInclude Include="D:\Workspace\M2\Diamas\source\client\eterLib\GrpIndexBuffer.h">
      <Filter>Header Files</Filter>
    </ClInclude>
    <ClInclude Include="D:\Workspace\M2\Diamas\source\client\eterLib\GrpLightManager.h">
      <Filter>Header Files</Filter>
    </ClInclude>
    <ClInclude Include="D:\Workspace\M2\Diamas\source\client\eterLib\GrpMarkInstance.h">
      <Filter>Header Files</Filter>
    </ClInclude>
    <ClInclude Include="D:\Workspace\M2\Diamas\source\client\eterLib\GrpMath.h">
      <Filter>Header Files</Filter>
    </ClInclude>
    <ClInclude Include="D:\Workspace\M2\Diamas\source\client\eterLib\GrpObjectInstance.h">
      <Filter>Header Files</Filter>
    </ClInclude>
    <ClInclude Include="D:\Workspace\M2\Diamas\source\client\eterLib\GrpPixelShader.h">
      <Filter>Header Files</Filter>
    </ClInclude>
    <ClInclude Include="D:\Workspace\M2\Diamas\source\client\eterLib\GrpRatioInstance.h">
      <Filter>Header Files</Filter>
    </ClInclude>
    <ClInclude Include="D:\Workspace\M2\Diamas\source\client\eterLib\GrpRenderTargetTexture.h">
      <Filter>Header Files</Filter>
    </ClInclude>
    <ClInclude Include="D:\Workspace\M2\Diamas\source\client\eterLib\GrpScreen.h">
      <Filter>Header Files</Filter>
    </ClInclude>
    <ClInclude Include="D:\Workspace\M2\Diamas\source\client\eterLib\GrpSubImage.h">
      <Filter>Header Files</Filter>
    </ClInclude>
    <ClInclude Include="D:\Workspace\M2\Diamas\source\client\eterLib\GrpText.h">
      <Filter>Header Files</Filter>
    </ClInclude>
    <ClInclude Include="D:\Workspace\M2\Diamas\source\client\eterLib\GrpTextInstance.h">
      <Filter>Header Files</Filter>
    </ClInclude>
    <ClInclude Include="D:\Workspace\M2\Diamas\source\client\eterLib\GrpTexture.h">
      <Filter>Header Files</Filter>
    </ClInclude>
    <ClInclude Include="D:\Workspace\M2\Diamas\source\client\eterLib\GrpVertexBuffer.h">
      <Filter>Header Files</Filter>
    </ClInclude>
    <ClInclude Include="D:\Workspace\M2\Diamas\source\client\eterLib\IME.h">
      <Filter>Header Files</Filter>
    </ClInclude>
    <ClInclude Include="D:\Workspace\M2\Diamas\source\client\eterLib\Input.h">
      <Filter>Header Files</Filter>
    </ClInclude>
    <ClInclude Include="D:\Workspace\M2\Diamas\source\client\eterLib\LensFlare.h">
      <Filter>Header Files</Filter>
    </ClInclude>
    <ClInclude Include="D:\Workspace\M2\Diamas\source\client\eterLib\MSApplication.h">
      <Filter>Header Files</Filter>
    </ClInclude>
    <ClInclude Include="D:\Workspace\M2\Diamas\source\client\eterLib\MSWindow.h">
      <Filter>Header Files</Filter>
    </ClInclude>
    <ClInclude Include="D:\Workspace\M2\Diamas\source\client\eterLib\Mutex.h">
      <Filter>Header Files</Filter>
    </ClInclude>
    <ClInclude Include="D:\Workspace\M2\Diamas\source\client\eterLib\NetAddress.h">
      <Filter>Header Files</Filter>
    </ClInclude>
    <ClInclude Include="D:\Workspace\M2\Diamas\source\client\eterLib\NetDevice.h">
      <Filter>Header Files</Filter>
    </ClInclude>
    <ClInclude Include="D:\Workspace\M2\Diamas\source\client\eterLib\NetPacketHeaderMap.h">
      <Filter>Header Files</Filter>
    </ClInclude>
    <ClInclude Include="D:\Workspace\M2\Diamas\source\client\eterLib\NetStream.h">
      <Filter>Header Files</Filter>
    </ClInclude>
    <ClInclude Include="D:\Workspace\M2\Diamas\source\client\eterLib\PathStack.h">
      <Filter>Header Files</Filter>
    </ClInclude>
    <ClInclude Include="D:\Workspace\M2\Diamas\source\client\eterLib\Pool.h">
      <Filter>Header Files</Filter>
    </ClInclude>
    <ClInclude Include="D:\Workspace\M2\Diamas\source\client\eterLib\Profiler.h">
      <Filter>Header Files</Filter>
    </ClInclude>
    <ClInclude Include="D:\Workspace\M2\Diamas\source\client\eterLib\Ray.h">
      <Filter>Header Files</Filter>
    </ClInclude>
    <ClInclude Include="D:\Workspace\M2\Diamas\source\client\eterLib\Ref.h">
      <Filter>Header Files</Filter>
    </ClInclude>
    <ClInclude Include="D:\Workspace\M2\Diamas\source\client\eterLib\ReferenceObject.h">
      <Filter>Header Files</Filter>
    </ClInclude>
    <ClInclude Include="D:\Workspace\M2\Diamas\source\client\eterLib\RenderTargetManager.h">
      <Filter>Header Files</Filter>
    </ClInclude>
    <ClInclude Include="D:\Workspace\M2\Diamas\source\client\eterLib\Resource.h">
      <Filter>Header Files</Filter>
    </ClInclude>
    <ClInclude Include="D:\Workspace\M2\Diamas\source\client\eterLib\ResourceManager.h">
      <Filter>Header Files</Filter>
    </ClInclude>
    <ClInclude Include="D:\Workspace\M2\Diamas\source\client\eterLib\ScreenFilter.h">
      <Filter>Header Files</Filter>
    </ClInclude>
    <ClInclude Include="D:\Workspace\M2\Diamas\source\client\eterLib\SkyBox.h">
      <Filter>Header Files</Filter>
    </ClInclude>
    <ClInclude Include="D:\Workspace\M2\Diamas\source\client\eterLib\StateManager.h">
      <Filter>Header Files</Filter>
    </ClInclude>
    <ClInclude Include="D:\Workspace\M2\Diamas\source\client\eterLib\StdAfx.h">
      <Filter>Header Files</Filter>
    </ClInclude>
    <ClInclude Include="D:\Workspace\M2\Diamas\source\client\eterLib\TargaResource.h">
      <Filter>Header Files</Filter>
    </ClInclude>
    <ClInclude Include="D:\Workspace\M2\Diamas\source\client\eterLib\TextBar.h">
      <Filter>Header Files</Filter>
    </ClInclude>
    <ClInclude Include="D:\Workspace\M2\Diamas\source\client\eterLib\TextFileLoader.h">
      <Filter>Header Files</Filter>
    </ClInclude>
    <ClInclude Include="D:\Workspace\M2\Diamas\source\client\eterLib\TextTag.h">
      <Filter>Header Files</Filter>
    </ClInclude>
    <ClInclude Include="D:\Workspace\M2\Diamas\source\client\eterLib\Thread.h">
      <Filter>Header Files</Filter>
    </ClInclude>
    <ClInclude Include="D:\Workspace\M2\Diamas\source\client\eterLib\Util.h">
      <Filter>Header Files</Filter>
    </ClInclude>
    <ClInclude Include="D:\Workspace\M2\Diamas\source\client\eterLib\lineintersect_utils.h">
      <Filter>Header Files</Filter>
    </ClInclude>
    <ClInclude Include="D:\Workspace\M2\Diamas\source\client\eterLib\msctf.h">
      <Filter>Header Files</Filter>
    </ClInclude>
    <ClInclude Include="D:\Workspace\M2\Diamas\source\client\eterLib\parser.h">
      <Filter>Header Files</Filter>
    </ClInclude>
  </ItemGroup>
  <ItemGroup>
    <CustomBuild Include="D:\Workspace\M2\Diamas\source\client\eterLib\CMakeLists.txt" />
  </ItemGroup>
  <ItemGroup>
    <Filter Include="Header Files">
      <UniqueIdentifier>{C19892C1-3EB1-3EC6-939F-37BD55D5B0F3}</UniqueIdentifier>
    </Filter>
    <Filter Include="Source Files">
      <UniqueIdentifier>{0ECC5A90-9B54-38DD-BFC2-A9DC1EB33361}</UniqueIdentifier>
    </Filter>
  </ItemGroup>
</Project>
