Microsoft Visual Studio Solution File, Format Version 12.00
# Visual Studio 16
Project("{8BC9CEB8-8B4A-11D0-8D11-00A0C91BC942}") = "ALL_BUILD", "ALL_BUILD.vcxproj", "{62528591-78DD-3F13-9CDF-A8D311FC2EBA}"
	ProjectSection(ProjectDependencies) = postProject
		{686D621B-9E7F-3715-B8FB-2B1D57087D64} = {686D621B-9E7F-3715-B8FB-2B1D57087D64}
		{9B503CE6-C00E-3317-8D09-E97CEA0D739A} = {9B503CE6-C00E-3317-8D09-E97CEA0D739A}
	EndProjectSection
EndProject
Project("{8BC9CEB8-8B4A-11D0-8D11-00A0C91BC942}") = "ZERO_CHECK", "..\..\..\\ZERO_CHECK.vcxproj", "{686D621B-9E7F-3715-B8FB-2B1D57087D64}"
	ProjectSection(ProjectDependencies) = postProject
	EndProjectSection
EndProject
Project("{8BC9CEB8-8B4A-11D0-8D11-00A0C91BC942}") = "eterLib", "eterLib.vcxproj", "{9B503CE6-C00E-3317-8D09-E97CEA0D739A}"
	ProjectSection(ProjectDependencies) = postProject
		{686D621B-9E7F-3715-B8FB-2B1D57087D64} = {686D621B-9E7F-3715-B8FB-2B1D57087D64}
	EndProjectSection
EndProject
Global
	GlobalSection(SolutionConfigurationPlatforms) = preSolution
		Debug|Win32 = Debug|Win32
		Release|Win32 = Release|Win32
		MinSizeRel|Win32 = MinSizeRel|Win32
		RelWithDebInfo|Win32 = RelWithDebInfo|Win32
	EndGlobalSection
	GlobalSection(ProjectConfigurationPlatforms) = postSolution
		{62528591-78DD-3F13-9CDF-A8D311FC2EBA}.Debug|Win32.ActiveCfg = Debug|Win32
		{62528591-78DD-3F13-9CDF-A8D311FC2EBA}.Release|Win32.ActiveCfg = Release|Win32
		{62528591-78DD-3F13-9CDF-A8D311FC2EBA}.MinSizeRel|Win32.ActiveCfg = MinSizeRel|Win32
		{62528591-78DD-3F13-9CDF-A8D311FC2EBA}.RelWithDebInfo|Win32.ActiveCfg = RelWithDebInfo|Win32
		{686D621B-9E7F-3715-B8FB-2B1D57087D64}.Debug|Win32.ActiveCfg = Debug|Win32
		{686D621B-9E7F-3715-B8FB-2B1D57087D64}.Debug|Win32.Build.0 = Debug|Win32
		{686D621B-9E7F-3715-B8FB-2B1D57087D64}.Release|Win32.ActiveCfg = Release|Win32
		{686D621B-9E7F-3715-B8FB-2B1D57087D64}.Release|Win32.Build.0 = Release|Win32
		{686D621B-9E7F-3715-B8FB-2B1D57087D64}.MinSizeRel|Win32.ActiveCfg = MinSizeRel|Win32
		{686D621B-9E7F-3715-B8FB-2B1D57087D64}.MinSizeRel|Win32.Build.0 = MinSizeRel|Win32
		{686D621B-9E7F-3715-B8FB-2B1D57087D64}.RelWithDebInfo|Win32.ActiveCfg = RelWithDebInfo|Win32
		{686D621B-9E7F-3715-B8FB-2B1D57087D64}.RelWithDebInfo|Win32.Build.0 = RelWithDebInfo|Win32
		{9B503CE6-C00E-3317-8D09-E97CEA0D739A}.Debug|Win32.ActiveCfg = Debug|Win32
		{9B503CE6-C00E-3317-8D09-E97CEA0D739A}.Debug|Win32.Build.0 = Debug|Win32
		{9B503CE6-C00E-3317-8D09-E97CEA0D739A}.Release|Win32.ActiveCfg = Release|Win32
		{9B503CE6-C00E-3317-8D09-E97CEA0D739A}.Release|Win32.Build.0 = Release|Win32
		{9B503CE6-C00E-3317-8D09-E97CEA0D739A}.MinSizeRel|Win32.ActiveCfg = MinSizeRel|Win32
		{9B503CE6-C00E-3317-8D09-E97CEA0D739A}.MinSizeRel|Win32.Build.0 = MinSizeRel|Win32
		{9B503CE6-C00E-3317-8D09-E97CEA0D739A}.RelWithDebInfo|Win32.ActiveCfg = RelWithDebInfo|Win32
		{9B503CE6-C00E-3317-8D09-E97CEA0D739A}.RelWithDebInfo|Win32.Build.0 = RelWithDebInfo|Win32
	EndGlobalSection
	GlobalSection(ExtensibilityGlobals) = postSolution
		SolutionGuid = {62E8285C-A657-3708-B2B8-8EB1DE84A1D3}
	EndGlobalSection
	GlobalSection(ExtensibilityAddIns) = postSolution
	EndGlobalSection
EndGlobal
