
Microsoft Visual Studio Solution File, Format Version 11.00
# Visual Studio 2010
Project("{8BC9CEB8-8B4A-11D0-8D11-00A0C91BC942}") = "EffectLib", "..\..\Client\EffectLib\EffectLib_VC90.vcproj", "{790B152D-6582-467F-B767-8603C5A9E613}"
EndProject
Project("{8BC9CEB8-8B4A-11D0-8D11-00A0C91BC942}") = "EterPack", "..\..\Client\EterPack\EterPack_VC90.vcxproj", "{4950BA04-3877-4F66-BCA0-60E00DE3770B}"
EndProject
Project("{8BC9CEB8-8B4A-11D0-8D11-00A0C91BC942}") = "PRTerrainLib", "..\..\Client\PRTerrainLib\PRTerrainLib_VC90.vcxproj", "{8B1D0DDE-A521-4EB2-9544-F606376278CC}"
EndProject
Project("{8BC9CEB8-8B4A-11D0-8D11-00A0C91BC942}") = "SpeedTreeLib", "..\..\Client\SpeedTreeLib\SpeedTreeLib_VC90.vcxproj", "{0FDDD886-1EB5-4655-80C3-EF08087FAEFD}"
EndProject
Project("{8BC9CEB8-8B4A-11D0-8D11-00A0C91BC942}") = "SphereLib", "..\..\Client\SphereLib\SphereLib_VC90.vcxproj", "{A5D7AF9F-0A4F-4ED3-B209-2553B1ADD17D}"
EndProject
Project("{8BC9CEB8-8B4A-11D0-8D11-00A0C91BC942}") = "WorldEditor", "WorldEditor_VC90.vcxproj", "{C99B72F9-E6B7-4445-A3DC-43B95C0D2AF2}"
EndProject
Project("{8BC9CEB8-8B4A-11D0-8D11-00A0C91BC942}") = "eterBase", "..\..\Client\EterBase\eterBase_VC90.vcproj", "{678C47DC-B3EF-460E-A932-56F3208FC65E}"
EndProject
Project("{8BC9CEB8-8B4A-11D0-8D11-00A0C91BC942}") = "eterGrnLib", "..\..\Client\EterGrnLib\eterGrnLib_VC90.vcproj", "{E1FF7630-628F-4AD0-BF66-F14D86A04035}"
EndProject
Project("{8BC9CEB8-8B4A-11D0-8D11-00A0C91BC942}") = "eterImageLib", "..\..\Client\EterImageLib\eterImageLib_VC90.vcproj", "{FE95382C-8E3E-40AC-8060-634D1A0D4CF5}"
EndProject
Project("{8BC9CEB8-8B4A-11D0-8D11-00A0C91BC942}") = "eterlib", "..\..\Client\EterLib\eterlib_VC90.vcxproj", "{887F89DF-A1A2-47DF-A869-F3FC84704E3E}"
EndProject
Project("{8BC9CEB8-8B4A-11D0-8D11-00A0C91BC942}") = "gamelib", "..\..\Client\GameLib\gamelib_VC90.vcxproj", "{1801F0ED-7DE6-4175-BF25-6FA98AAA350B}"
EndProject
Project("{8BC9CEB8-8B4A-11D0-8D11-00A0C91BC942}") = "mileslib", "..\..\Client\MilesLib\mileslib_VC90.vcxproj", "{9189BA90-1997-4B47-A673-A54C7DF4A4F7}"
EndProject
Project("{8BC9CEB8-8B4A-11D0-8D11-00A0C91BC942}") = "scriptLib", "..\..\Client\ScriptLib\scriptLib_VC90.vcxproj", "{E682CEA2-1D79-4DE9-A2CE-6AED27E4170E}"
EndProject
Project("{8BC9CEB8-8B4A-11D0-8D11-00A0C91BC942}") = "EterLocale", "..\..\Client\EterLocale\EterLocale_VC90.vcxproj", "{05207E97-C83A-49C6-8E08-403679963A7B}"
EndProject
Global
	GlobalSection(SolutionConfigurationPlatforms) = preSolution
		Debug|Win32 = Debug|Win32
		Distribute|Win32 = Distribute|Win32
		MfcDebug|Win32 = MfcDebug|Win32
		MfcRelease|Win32 = MfcRelease|Win32
		Release|Win32 = Release|Win32
		VTune|Win32 = VTune|Win32
	EndGlobalSection
	GlobalSection(ProjectConfigurationPlatforms) = postSolution
		{790B152D-6582-467F-B767-8603C5A9E613}.Debug|Win32.ActiveCfg = Debug|Win32
		{790B152D-6582-467F-B767-8603C5A9E613}.Distribute|Win32.ActiveCfg = Distribute|Win32
		{790B152D-6582-467F-B767-8603C5A9E613}.MfcDebug|Win32.ActiveCfg = MfcDebug|Win32
		{790B152D-6582-467F-B767-8603C5A9E613}.MfcDebug|Win32.Build.0 = MfcDebug|Win32
		{790B152D-6582-467F-B767-8603C5A9E613}.MfcRelease|Win32.ActiveCfg = MfcRelease|Win32
		{790B152D-6582-467F-B767-8603C5A9E613}.MfcRelease|Win32.Build.0 = MfcRelease|Win32
		{790B152D-6582-467F-B767-8603C5A9E613}.Release|Win32.ActiveCfg = Release|Win32
		{790B152D-6582-467F-B767-8603C5A9E613}.VTune|Win32.ActiveCfg = VTune|Win32
		{4950BA04-3877-4F66-BCA0-60E00DE3770B}.Debug|Win32.ActiveCfg = Debug|Win32
		{4950BA04-3877-4F66-BCA0-60E00DE3770B}.Debug|Win32.Build.0 = Debug|Win32
		{4950BA04-3877-4F66-BCA0-60E00DE3770B}.Distribute|Win32.ActiveCfg = Distribute|Win32
		{4950BA04-3877-4F66-BCA0-60E00DE3770B}.Distribute|Win32.Build.0 = Distribute|Win32
		{4950BA04-3877-4F66-BCA0-60E00DE3770B}.MfcDebug|Win32.ActiveCfg = MfcDebug|Win32
		{4950BA04-3877-4F66-BCA0-60E00DE3770B}.MfcDebug|Win32.Build.0 = MfcDebug|Win32
		{4950BA04-3877-4F66-BCA0-60E00DE3770B}.MfcRelease|Win32.ActiveCfg = MfcRelease|Win32
		{4950BA04-3877-4F66-BCA0-60E00DE3770B}.MfcRelease|Win32.Build.0 = MfcRelease|Win32
		{4950BA04-3877-4F66-BCA0-60E00DE3770B}.Release|Win32.ActiveCfg = Release|Win32
		{4950BA04-3877-4F66-BCA0-60E00DE3770B}.Release|Win32.Build.0 = Release|Win32
		{4950BA04-3877-4F66-BCA0-60E00DE3770B}.VTune|Win32.ActiveCfg = VTune|Win32
		{4950BA04-3877-4F66-BCA0-60E00DE3770B}.VTune|Win32.Build.0 = VTune|Win32
		{8B1D0DDE-A521-4EB2-9544-F606376278CC}.Debug|Win32.ActiveCfg = Debug|Win32
		{8B1D0DDE-A521-4EB2-9544-F606376278CC}.Debug|Win32.Build.0 = Debug|Win32
		{8B1D0DDE-A521-4EB2-9544-F606376278CC}.Distribute|Win32.ActiveCfg = Distribute|Win32
		{8B1D0DDE-A521-4EB2-9544-F606376278CC}.Distribute|Win32.Build.0 = Distribute|Win32
		{8B1D0DDE-A521-4EB2-9544-F606376278CC}.MfcDebug|Win32.ActiveCfg = MfcDebug|Win32
		{8B1D0DDE-A521-4EB2-9544-F606376278CC}.MfcDebug|Win32.Build.0 = MfcDebug|Win32
		{8B1D0DDE-A521-4EB2-9544-F606376278CC}.MfcRelease|Win32.ActiveCfg = MfcRelease|Win32
		{8B1D0DDE-A521-4EB2-9544-F606376278CC}.MfcRelease|Win32.Build.0 = MfcRelease|Win32
		{8B1D0DDE-A521-4EB2-9544-F606376278CC}.Release|Win32.ActiveCfg = Release|Win32
		{8B1D0DDE-A521-4EB2-9544-F606376278CC}.Release|Win32.Build.0 = Release|Win32
		{8B1D0DDE-A521-4EB2-9544-F606376278CC}.VTune|Win32.ActiveCfg = VTune|Win32
		{8B1D0DDE-A521-4EB2-9544-F606376278CC}.VTune|Win32.Build.0 = VTune|Win32
		{0FDDD886-1EB5-4655-80C3-EF08087FAEFD}.Debug|Win32.ActiveCfg = Debug|Win32
		{0FDDD886-1EB5-4655-80C3-EF08087FAEFD}.Debug|Win32.Build.0 = Debug|Win32
		{0FDDD886-1EB5-4655-80C3-EF08087FAEFD}.Distribute|Win32.ActiveCfg = Distribute|Win32
		{0FDDD886-1EB5-4655-80C3-EF08087FAEFD}.Distribute|Win32.Build.0 = Distribute|Win32
		{0FDDD886-1EB5-4655-80C3-EF08087FAEFD}.MfcDebug|Win32.ActiveCfg = MfcDebug|Win32
		{0FDDD886-1EB5-4655-80C3-EF08087FAEFD}.MfcDebug|Win32.Build.0 = MfcDebug|Win32
		{0FDDD886-1EB5-4655-80C3-EF08087FAEFD}.MfcRelease|Win32.ActiveCfg = MfcRelease|Win32
		{0FDDD886-1EB5-4655-80C3-EF08087FAEFD}.MfcRelease|Win32.Build.0 = MfcRelease|Win32
		{0FDDD886-1EB5-4655-80C3-EF08087FAEFD}.Release|Win32.ActiveCfg = Release|Win32
		{0FDDD886-1EB5-4655-80C3-EF08087FAEFD}.Release|Win32.Build.0 = Release|Win32
		{0FDDD886-1EB5-4655-80C3-EF08087FAEFD}.VTune|Win32.ActiveCfg = VTune|Win32
		{0FDDD886-1EB5-4655-80C3-EF08087FAEFD}.VTune|Win32.Build.0 = VTune|Win32
		{A5D7AF9F-0A4F-4ED3-B209-2553B1ADD17D}.Debug|Win32.ActiveCfg = Debug|Win32
		{A5D7AF9F-0A4F-4ED3-B209-2553B1ADD17D}.Debug|Win32.Build.0 = Debug|Win32
		{A5D7AF9F-0A4F-4ED3-B209-2553B1ADD17D}.Distribute|Win32.ActiveCfg = Distribute|Win32
		{A5D7AF9F-0A4F-4ED3-B209-2553B1ADD17D}.Distribute|Win32.Build.0 = Distribute|Win32
		{A5D7AF9F-0A4F-4ED3-B209-2553B1ADD17D}.MfcDebug|Win32.ActiveCfg = MfcDebug|Win32
		{A5D7AF9F-0A4F-4ED3-B209-2553B1ADD17D}.MfcDebug|Win32.Build.0 = MfcDebug|Win32
		{A5D7AF9F-0A4F-4ED3-B209-2553B1ADD17D}.MfcRelease|Win32.ActiveCfg = MfcRelease|Win32
		{A5D7AF9F-0A4F-4ED3-B209-2553B1ADD17D}.MfcRelease|Win32.Build.0 = MfcRelease|Win32
		{A5D7AF9F-0A4F-4ED3-B209-2553B1ADD17D}.Release|Win32.ActiveCfg = Release|Win32
		{A5D7AF9F-0A4F-4ED3-B209-2553B1ADD17D}.Release|Win32.Build.0 = Release|Win32
		{A5D7AF9F-0A4F-4ED3-B209-2553B1ADD17D}.VTune|Win32.ActiveCfg = VTune|Win32
		{A5D7AF9F-0A4F-4ED3-B209-2553B1ADD17D}.VTune|Win32.Build.0 = VTune|Win32
		{C99B72F9-E6B7-4445-A3DC-43B95C0D2AF2}.Debug|Win32.ActiveCfg = MfcDebug|Win32
		{C99B72F9-E6B7-4445-A3DC-43B95C0D2AF2}.Distribute|Win32.ActiveCfg = MfcDebug|Win32
		{C99B72F9-E6B7-4445-A3DC-43B95C0D2AF2}.MfcDebug|Win32.ActiveCfg = MfcDebug|Win32
		{C99B72F9-E6B7-4445-A3DC-43B95C0D2AF2}.MfcDebug|Win32.Build.0 = MfcDebug|Win32
		{C99B72F9-E6B7-4445-A3DC-43B95C0D2AF2}.MfcRelease|Win32.ActiveCfg = MfcRelease|Win32
		{C99B72F9-E6B7-4445-A3DC-43B95C0D2AF2}.MfcRelease|Win32.Build.0 = MfcRelease|Win32
		{C99B72F9-E6B7-4445-A3DC-43B95C0D2AF2}.Release|Win32.ActiveCfg = MfcRelease|Win32
		{C99B72F9-E6B7-4445-A3DC-43B95C0D2AF2}.VTune|Win32.ActiveCfg = MfcDebug|Win32
		{678C47DC-B3EF-460E-A932-56F3208FC65E}.Debug|Win32.ActiveCfg = Debug|Win32
		{678C47DC-B3EF-460E-A932-56F3208FC65E}.Debug|Win32.Build.0 = Debug|Win32
		{678C47DC-B3EF-460E-A932-56F3208FC65E}.Distribute|Win32.ActiveCfg = Distribute|Win32
		{678C47DC-B3EF-460E-A932-56F3208FC65E}.Distribute|Win32.Build.0 = Distribute|Win32
		{678C47DC-B3EF-460E-A932-56F3208FC65E}.MfcDebug|Win32.ActiveCfg = MfcDebug|Win32
		{678C47DC-B3EF-460E-A932-56F3208FC65E}.MfcDebug|Win32.Build.0 = MfcDebug|Win32
		{678C47DC-B3EF-460E-A932-56F3208FC65E}.MfcRelease|Win32.ActiveCfg = MfcRelease|Win32
		{678C47DC-B3EF-460E-A932-56F3208FC65E}.MfcRelease|Win32.Build.0 = MfcRelease|Win32
		{678C47DC-B3EF-460E-A932-56F3208FC65E}.Release|Win32.ActiveCfg = Release|Win32
		{678C47DC-B3EF-460E-A932-56F3208FC65E}.Release|Win32.Build.0 = Release|Win32
		{678C47DC-B3EF-460E-A932-56F3208FC65E}.VTune|Win32.ActiveCfg = VTune|Win32
		{678C47DC-B3EF-460E-A932-56F3208FC65E}.VTune|Win32.Build.0 = VTune|Win32
		{E1FF7630-628F-4AD0-BF66-F14D86A04035}.Debug|Win32.ActiveCfg = Debug|Win32
		{E1FF7630-628F-4AD0-BF66-F14D86A04035}.Debug|Win32.Build.0 = Debug|Win32
		{E1FF7630-628F-4AD0-BF66-F14D86A04035}.Distribute|Win32.ActiveCfg = Distribute|Win32
		{E1FF7630-628F-4AD0-BF66-F14D86A04035}.Distribute|Win32.Build.0 = Distribute|Win32
		{E1FF7630-628F-4AD0-BF66-F14D86A04035}.MfcDebug|Win32.ActiveCfg = MfcDebug|Win32
		{E1FF7630-628F-4AD0-BF66-F14D86A04035}.MfcDebug|Win32.Build.0 = MfcDebug|Win32
		{E1FF7630-628F-4AD0-BF66-F14D86A04035}.MfcRelease|Win32.ActiveCfg = MfcRelease|Win32
		{E1FF7630-628F-4AD0-BF66-F14D86A04035}.MfcRelease|Win32.Build.0 = MfcRelease|Win32
		{E1FF7630-628F-4AD0-BF66-F14D86A04035}.Release|Win32.ActiveCfg = Release|Win32
		{E1FF7630-628F-4AD0-BF66-F14D86A04035}.Release|Win32.Build.0 = Release|Win32
		{E1FF7630-628F-4AD0-BF66-F14D86A04035}.VTune|Win32.ActiveCfg = VTune|Win32
		{E1FF7630-628F-4AD0-BF66-F14D86A04035}.VTune|Win32.Build.0 = VTune|Win32
		{FE95382C-8E3E-40AC-8060-634D1A0D4CF5}.Debug|Win32.ActiveCfg = Debug|Win32
		{FE95382C-8E3E-40AC-8060-634D1A0D4CF5}.Debug|Win32.Build.0 = Debug|Win32
		{FE95382C-8E3E-40AC-8060-634D1A0D4CF5}.Distribute|Win32.ActiveCfg = Distribute|Win32
		{FE95382C-8E3E-40AC-8060-634D1A0D4CF5}.Distribute|Win32.Build.0 = Distribute|Win32
		{FE95382C-8E3E-40AC-8060-634D1A0D4CF5}.MfcDebug|Win32.ActiveCfg = MfcDebug|Win32
		{FE95382C-8E3E-40AC-8060-634D1A0D4CF5}.MfcDebug|Win32.Build.0 = MfcDebug|Win32
		{FE95382C-8E3E-40AC-8060-634D1A0D4CF5}.MfcRelease|Win32.ActiveCfg = MfcRelease|Win32
		{FE95382C-8E3E-40AC-8060-634D1A0D4CF5}.MfcRelease|Win32.Build.0 = MfcRelease|Win32
		{FE95382C-8E3E-40AC-8060-634D1A0D4CF5}.Release|Win32.ActiveCfg = Release|Win32
		{FE95382C-8E3E-40AC-8060-634D1A0D4CF5}.Release|Win32.Build.0 = Release|Win32
		{FE95382C-8E3E-40AC-8060-634D1A0D4CF5}.VTune|Win32.ActiveCfg = VTune|Win32
		{FE95382C-8E3E-40AC-8060-634D1A0D4CF5}.VTune|Win32.Build.0 = VTune|Win32
		{887F89DF-A1A2-47DF-A869-F3FC84704E3E}.Debug|Win32.ActiveCfg = Debug|Win32
		{887F89DF-A1A2-47DF-A869-F3FC84704E3E}.Debug|Win32.Build.0 = Debug|Win32
		{887F89DF-A1A2-47DF-A869-F3FC84704E3E}.Distribute|Win32.ActiveCfg = Distribute|Win32
		{887F89DF-A1A2-47DF-A869-F3FC84704E3E}.Distribute|Win32.Build.0 = Distribute|Win32
		{887F89DF-A1A2-47DF-A869-F3FC84704E3E}.MfcDebug|Win32.ActiveCfg = MfcDebug|Win32
		{887F89DF-A1A2-47DF-A869-F3FC84704E3E}.MfcDebug|Win32.Build.0 = MfcDebug|Win32
		{887F89DF-A1A2-47DF-A869-F3FC84704E3E}.MfcRelease|Win32.ActiveCfg = MfcRelease|Win32
		{887F89DF-A1A2-47DF-A869-F3FC84704E3E}.MfcRelease|Win32.Build.0 = MfcRelease|Win32
		{887F89DF-A1A2-47DF-A869-F3FC84704E3E}.Release|Win32.ActiveCfg = Release|Win32
		{887F89DF-A1A2-47DF-A869-F3FC84704E3E}.Release|Win32.Build.0 = Release|Win32
		{887F89DF-A1A2-47DF-A869-F3FC84704E3E}.VTune|Win32.ActiveCfg = VTune|Win32
		{887F89DF-A1A2-47DF-A869-F3FC84704E3E}.VTune|Win32.Build.0 = VTune|Win32
		{1801F0ED-7DE6-4175-BF25-6FA98AAA350B}.Debug|Win32.ActiveCfg = Debug|Win32
		{1801F0ED-7DE6-4175-BF25-6FA98AAA350B}.Debug|Win32.Build.0 = Debug|Win32
		{1801F0ED-7DE6-4175-BF25-6FA98AAA350B}.Distribute|Win32.ActiveCfg = Distribute|Win32
		{1801F0ED-7DE6-4175-BF25-6FA98AAA350B}.Distribute|Win32.Build.0 = Distribute|Win32
		{1801F0ED-7DE6-4175-BF25-6FA98AAA350B}.MfcDebug|Win32.ActiveCfg = MfcDebug|Win32
		{1801F0ED-7DE6-4175-BF25-6FA98AAA350B}.MfcDebug|Win32.Build.0 = MfcDebug|Win32
		{1801F0ED-7DE6-4175-BF25-6FA98AAA350B}.MfcRelease|Win32.ActiveCfg = MfcRelease|Win32
		{1801F0ED-7DE6-4175-BF25-6FA98AAA350B}.MfcRelease|Win32.Build.0 = MfcRelease|Win32
		{1801F0ED-7DE6-4175-BF25-6FA98AAA350B}.Release|Win32.ActiveCfg = Release|Win32
		{1801F0ED-7DE6-4175-BF25-6FA98AAA350B}.Release|Win32.Build.0 = Release|Win32
		{1801F0ED-7DE6-4175-BF25-6FA98AAA350B}.VTune|Win32.ActiveCfg = VTune|Win32
		{1801F0ED-7DE6-4175-BF25-6FA98AAA350B}.VTune|Win32.Build.0 = VTune|Win32
		{9189BA90-1997-4B47-A673-A54C7DF4A4F7}.Debug|Win32.ActiveCfg = Debug|Win32
		{9189BA90-1997-4B47-A673-A54C7DF4A4F7}.Debug|Win32.Build.0 = Debug|Win32
		{9189BA90-1997-4B47-A673-A54C7DF4A4F7}.Distribute|Win32.ActiveCfg = Distribute|Win32
		{9189BA90-1997-4B47-A673-A54C7DF4A4F7}.Distribute|Win32.Build.0 = Distribute|Win32
		{9189BA90-1997-4B47-A673-A54C7DF4A4F7}.MfcDebug|Win32.ActiveCfg = MfcDebug|Win32
		{9189BA90-1997-4B47-A673-A54C7DF4A4F7}.MfcDebug|Win32.Build.0 = MfcDebug|Win32
		{9189BA90-1997-4B47-A673-A54C7DF4A4F7}.MfcRelease|Win32.ActiveCfg = MfcRelease|Win32
		{9189BA90-1997-4B47-A673-A54C7DF4A4F7}.MfcRelease|Win32.Build.0 = MfcRelease|Win32
		{9189BA90-1997-4B47-A673-A54C7DF4A4F7}.Release|Win32.ActiveCfg = Release|Win32
		{9189BA90-1997-4B47-A673-A54C7DF4A4F7}.Release|Win32.Build.0 = Release|Win32
		{9189BA90-1997-4B47-A673-A54C7DF4A4F7}.VTune|Win32.ActiveCfg = VTune|Win32
		{9189BA90-1997-4B47-A673-A54C7DF4A4F7}.VTune|Win32.Build.0 = VTune|Win32
		{E682CEA2-1D79-4DE9-A2CE-6AED27E4170E}.Debug|Win32.ActiveCfg = Debug|Win32
		{E682CEA2-1D79-4DE9-A2CE-6AED27E4170E}.Debug|Win32.Build.0 = Debug|Win32
		{E682CEA2-1D79-4DE9-A2CE-6AED27E4170E}.Distribute|Win32.ActiveCfg = Distribute|Win32
		{E682CEA2-1D79-4DE9-A2CE-6AED27E4170E}.Distribute|Win32.Build.0 = Distribute|Win32
		{E682CEA2-1D79-4DE9-A2CE-6AED27E4170E}.MfcDebug|Win32.ActiveCfg = MfcDebug|Win32
		{E682CEA2-1D79-4DE9-A2CE-6AED27E4170E}.MfcDebug|Win32.Build.0 = MfcDebug|Win32
		{E682CEA2-1D79-4DE9-A2CE-6AED27E4170E}.MfcRelease|Win32.ActiveCfg = MfcRelease|Win32
		{E682CEA2-1D79-4DE9-A2CE-6AED27E4170E}.MfcRelease|Win32.Build.0 = MfcRelease|Win32
		{E682CEA2-1D79-4DE9-A2CE-6AED27E4170E}.Release|Win32.ActiveCfg = Release|Win32
		{E682CEA2-1D79-4DE9-A2CE-6AED27E4170E}.Release|Win32.Build.0 = Release|Win32
		{E682CEA2-1D79-4DE9-A2CE-6AED27E4170E}.VTune|Win32.ActiveCfg = VTune|Win32
		{E682CEA2-1D79-4DE9-A2CE-6AED27E4170E}.VTune|Win32.Build.0 = VTune|Win32
		{05207E97-C83A-49C6-8E08-403679963A7B}.Debug|Win32.ActiveCfg = Debug|Win32
		{05207E97-C83A-49C6-8E08-403679963A7B}.Debug|Win32.Build.0 = Debug|Win32
		{05207E97-C83A-49C6-8E08-403679963A7B}.Distribute|Win32.ActiveCfg = Distribute|Win32
		{05207E97-C83A-49C6-8E08-403679963A7B}.Distribute|Win32.Build.0 = Distribute|Win32
		{05207E97-C83A-49C6-8E08-403679963A7B}.MfcDebug|Win32.ActiveCfg = MfcDebug|Win32
		{05207E97-C83A-49C6-8E08-403679963A7B}.MfcDebug|Win32.Build.0 = MfcDebug|Win32
		{05207E97-C83A-49C6-8E08-403679963A7B}.MfcRelease|Win32.ActiveCfg = MfcRelease|Win32
		{05207E97-C83A-49C6-8E08-403679963A7B}.MfcRelease|Win32.Build.0 = MfcRelease|Win32
		{05207E97-C83A-49C6-8E08-403679963A7B}.Release|Win32.ActiveCfg = Release|Win32
		{05207E97-C83A-49C6-8E08-403679963A7B}.Release|Win32.Build.0 = Release|Win32
		{05207E97-C83A-49C6-8E08-403679963A7B}.VTune|Win32.ActiveCfg = VTune|Win32
		{05207E97-C83A-49C6-8E08-403679963A7B}.VTune|Win32.Build.0 = VTune|Win32
	EndGlobalSection
	GlobalSection(SolutionProperties) = preSolution
		HideSolutionNode = FALSE
	EndGlobalSection
EndGlobal
